PODS:
  - Alamofire (4.8.2)
  - Crashlytics (3.12.0):
    - Fabric (~> 1.9.0)
  - Fabric (1.9.0)
  - Kingfisher (5.13.3):
    - Kingfisher/Core (= 5.13.3)
  - Kingfisher/Core (5.13.3)
  - Moya (13.0.0):
    - Moya/Core (= 13.0.0)
  - Moya/Core (13.0.0):
    - Alamofire (~> 4.1)
    - Result (~> 4.1)
  - PromiseKit (6.8.4):
    - PromiseKit/CorePromise (= 6.8.4)
    - PromiseKit/Foundation (= 6.8.4)
    - PromiseKit/UIKit (= 6.8.4)
  - PromiseKit/CorePromise (6.8.4)
  - PromiseKit/Foundation (6.8.4):
    - PromiseKit/CorePromise
  - PromiseKit/UIKit (6.8.4):
    - PromiseKit/CorePromise
  - R.swift (5.2.2):
    - R.swift.Library (~> 5.2.0)
  - R.swift.Library (5.2.0)
  - Result (4.1.0)
  - SwiftLint (0.31.0)

DEPENDENCIES:
  - Alamofire
  - Crashlytics
  - Fabric
  - Kingfisher (~> 5.0)
  - Moya
  - PromiseKit
  - R.swift
  - SwiftLint

SPEC REPOS:
  trunk:
    - Alamofire
    - Crashlytics
    - Fabric
    - Kingfisher
    - Moya
    - PromiseKit
    - R.swift
    - R.swift.Library
    - Result
    - SwiftLint

SPEC CHECKSUMS:
  Alamofire: ae5c501addb7afdbb13687d7f2f722c78734c2d3
  Crashlytics: 07fb167b1694128c1c9a5a5cc319b0e9c3ca0933
  Fabric: f988e33c97f08930a413e08123064d2e5f68d655
  Kingfisher: d2b3d6a7200c93b34de9afcdf25c8dd9282ec277
  Moya: 161263550064ff8a4948e8ff63137fd72a876292
  PromiseKit: 51794a832647e7b819336dc2279039ce9f1cc49b
  R.swift: 7c52cdc57a66840ffe6cbd8a823d732059d42a32
  R.swift.Library: 5ba4f1631300caf9a4d890186930da85d540769d
  Result: bd966fac789cc6c1563440b348ab2598cc24d5c7
  SwiftLint: 7a0227733d786395817373b2d0ca799fd0093ff3

PODFILE CHECKSUM: f9b904848eb879b1de2a5b8f1a69a98072556036

COCOAPODS: 1.9.3
