PODS:
  - Alamofire (4.8.1)
  - Crashlytics (3.12.0):
    - Fabric (~> 1.9.0)
  - Fabric (1.9.0)
  - "FSHelpers+Swift (2.2.1)"

DEPENDENCIES:
  - Alamofire (~> 4.5)
  - Crashlytics
  - Fabric
  - "FSHelpers+Swift (from `https://github.com/fs/FSHelper.git`)"

SPEC REPOS:
  https://github.com/cocoapods/specs.git:
    - Alamofire
    - Crashlytics
    - Fabric

EXTERNAL SOURCES:
  "FSHelpers+Swift":
    :git: https://github.com/fs/FSHelper.git

CHECKOUT OPTIONS:
  "FSHelpers+Swift":
    :commit: 89ac92a3866deb54f5598c17b145894616155811
    :git: https://github.com/fs/FSHelper.git

SPEC CHECKSUMS:
  Alamofire: 16ce2c353fb72865124ddae8a57c5942388f4f11
  Crashlytics: 07fb167b1694128c1c9a5a5cc319b0e9c3ca0933
  Fabric: f988e33c97f08930a413e08123064d2e5f68d655
  "FSHelpers+Swift": 6ac6ff050daf0e5350a1205ca3a6f3fe6c4e43b7

PODFILE CHECKSUM: 16edcd15674a5f830395336f9ecc72f20abe2a09

COCOAPODS: 1.6.1
