// !$*UTF8*$!
{
	archiveVersion = 1;
	classes = {
	};
	objectVersion = 50;
	objects = {

/* Begin PBXBuildFile section */
		2124DFA01A8DF48000422313 /* ViewController.swift in Sources */ = {isa = PBXBuildFile; fileRef = 2124DF9F1A8DF48000422313 /* ViewController.swift */; };
		213B89BF19F01A1E005D3749 /* CoreGraphics.framework in Frameworks */ = {isa = PBXBuildFile; fileRef = 213B89BE19F01A1E005D3749 /* CoreGraphics.framework */; };
		214F4FF41BFDC2D90084BE32 /* Helpers.swift in Sources */ = {isa = PBXBuildFile; fileRef = 214F4FF31BFDC2D90084BE32 /* Helpers.swift */; };
		218C64B81BA078BA00EEEDF1 /* Swift-Base.xcdatamodeld in Sources */ = {isa = PBXBuildFile; fileRef = 218C64B61BA078BA00EEEDF1 /* Swift-Base.xcdatamodeld */; };
		218C64C01BA07DDE00EEEDF1 /* Localizable.strings in Resources */ = {isa = PBXBuildFile; fileRef = 218C64BD1BA07DDE00EEEDF1 /* Localizable.strings */; };
		21DB301519DD2289003A418D /* AppDelegate.swift in Sources */ = {isa = PBXBuildFile; fileRef = 21DB301419DD2289003A418D /* AppDelegate.swift */; };
		21DB301F19DD2289003A418D /* Images.xcassets in Resources */ = {isa = PBXBuildFile; fileRef = 21DB301E19DD2289003A418D /* Images.xcassets */; };
		21E617E31CE60676005D67E0 /* LaunchScreen.storyboard in Resources */ = {isa = PBXBuildFile; fileRef = 21E617E21CE60676005D67E0 /* LaunchScreen.storyboard */; };
		2E7E76D2F3337950D7564BCB /* Pods_Swift_Base.framework in Frameworks */ = {isa = PBXBuildFile; fileRef = B21809D2EF15C6FD4042F092 /* Pods_Swift_Base.framework */; };
		7F7824E8E9D04257E5C62ABC /* Pods_Swift_BaseTests.framework in Frameworks */ = {isa = PBXBuildFile; fileRef = BC34A414A3141736DAC65BE7 /* Pods_Swift_BaseTests.framework */; };
		C3B9F329224D322900ED6949 /* ExampleService.swift in Sources */ = {isa = PBXBuildFile; fileRef = C3B9F328224D322900ED6949 /* ExampleService.swift */; };
		C3B9F32D224D377B00ED6949 /* DefaultExampleService.swift in Sources */ = {isa = PBXBuildFile; fileRef = C3B9F32C224D377B00ED6949 /* DefaultExampleService.swift */; };
		C3B9F32F224D38AE00ED6949 /* Services.swift in Sources */ = {isa = PBXBuildFile; fileRef = C3B9F32E224D38AE00ED6949 /* Services.swift */; };
		C3B9F335224E385900ED6949 /* DefaultTargetType.swift in Sources */ = {isa = PBXBuildFile; fileRef = C3B9F334224E385900ED6949 /* DefaultTargetType.swift */; };
		C3B9F337224E3FD300ED6949 /* ExampleAPI.swift in Sources */ = {isa = PBXBuildFile; fileRef = C3B9F336224E3FD300ED6949 /* ExampleAPI.swift */; };
		CB18CA31223109670027E905 /* UserDefaultsKeys.swift in Sources */ = {isa = PBXBuildFile; fileRef = CB18CA30223109670027E905 /* UserDefaultsKeys.swift */; };
		CB18CA3322310A070027E905 /* Colors.swift in Sources */ = {isa = PBXBuildFile; fileRef = CB18CA3222310A070027E905 /* Colors.swift */; };
		CB18CA3522310B0D0027E905 /* Fonts.swift in Sources */ = {isa = PBXBuildFile; fileRef = CB18CA3422310B0D0027E905 /* Fonts.swift */; };
		CB4EB182222ED72B00FF2232 /* Swift_BaseTests.swift in Sources */ = {isa = PBXBuildFile; fileRef = CB4EB181222ED72B00FF2232 /* Swift_BaseTests.swift */; };
		CB4EB194222ED73C00FF2232 /* Swift_BaseUITests.swift in Sources */ = {isa = PBXBuildFile; fileRef = CB4EB193222ED73C00FF2232 /* Swift_BaseUITests.swift */; };
		E69B5BE4284C38BF7CFB7B98 /* Pods_Swift_BaseUITests.framework in Frameworks */ = {isa = PBXBuildFile; fileRef = BD474BF55427F785B95E1521 /* Pods_Swift_BaseUITests.framework */; };
		E7566D9F1A1F85CB00DE3010 /* Main_Storyboard.storyboard in Resources */ = {isa = PBXBuildFile; fileRef = E7566DA11A1F85CB00DE3010 /* Main_Storyboard.storyboard */; };
		E75BB8051E8CFEF90035C2DA /* Main_iPad.storyboard in Resources */ = {isa = PBXBuildFile; fileRef = E75BB8071E8CFEF90035C2DA /* Main_iPad.storyboard */; };
/* End PBXBuildFile section */

/* Begin PBXContainerItemProxy section */
		CB4EB184222ED72B00FF2232 /* PBXContainerItemProxy */ = {
			isa = PBXContainerItemProxy;
			containerPortal = 21DB300719DD2289003A418D /* Project object */;
			proxyType = 1;
			remoteGlobalIDString = 21DB300E19DD2289003A418D;
			remoteInfo = "Swift-Base";
		};
		CB4EB196222ED73C00FF2232 /* PBXContainerItemProxy */ = {
			isa = PBXContainerItemProxy;
			containerPortal = 21DB300719DD2289003A418D /* Project object */;
			proxyType = 1;
			remoteGlobalIDString = 21DB300E19DD2289003A418D;
			remoteInfo = "Swift-Base";
		};
/* End PBXContainerItemProxy section */

/* Begin PBXFileReference section */
		1218E154FF6E17259B67BF8D /* Pods.framework */ = {isa = PBXFileReference; explicitFileType = wrapper.framework; includeInIndex = 0; path = Pods.framework; sourceTree = BUILT_PRODUCTS_DIR; };
		15235CC3B840AD1FB8DE3152 /* Pods-Swift-BaseUITests.appstore staging.xcconfig */ = {isa = PBXFileReference; includeInIndex = 1; lastKnownFileType = text.xcconfig; name = "Pods-Swift-BaseUITests.appstore staging.xcconfig"; path = "Pods/Target Support Files/Pods-Swift-BaseUITests/Pods-Swift-BaseUITests.appstore staging.xcconfig"; sourceTree = "<group>"; };
		194478471AAF90AF00A34744 /* SenTestingKit.framework */ = {isa = PBXFileReference; lastKnownFileType = wrapper.framework; name = SenTestingKit.framework; path = Library/Frameworks/SenTestingKit.framework; sourceTree = DEVELOPER_DIR; };
		1A693C2D567FE7B2C21ED2B2 /* Pods-Swift-Base.appstore staging.xcconfig */ = {isa = PBXFileReference; includeInIndex = 1; lastKnownFileType = text.xcconfig; name = "Pods-Swift-Base.appstore staging.xcconfig"; path = "Pods/Target Support Files/Pods-Swift-Base/Pods-Swift-Base.appstore staging.xcconfig"; sourceTree = "<group>"; };
		2124DF9F1A8DF48000422313 /* ViewController.swift */ = {isa = PBXFileReference; fileEncoding = 4; lastKnownFileType = sourcecode.swift; path = ViewController.swift; sourceTree = "<group>"; };
		213B89BE19F01A1E005D3749 /* CoreGraphics.framework */ = {isa = PBXFileReference; lastKnownFileType = wrapper.framework; name = CoreGraphics.framework; path = System/Library/Frameworks/CoreGraphics.framework; sourceTree = SDKROOT; };
		213B89C019F01A40005D3749 /* SpriteKit.framework */ = {isa = PBXFileReference; lastKnownFileType = wrapper.framework; name = SpriteKit.framework; path = System/Library/Frameworks/SpriteKit.framework; sourceTree = SDKROOT; };
		214F4FF31BFDC2D90084BE32 /* Helpers.swift */ = {isa = PBXFileReference; fileEncoding = 4; lastKnownFileType = sourcecode.swift; path = Helpers.swift; sourceTree = "<group>"; };
		21513BBD19EBCBFA00EE6273 /* MediaPlayer.framework */ = {isa = PBXFileReference; lastKnownFileType = wrapper.framework; name = MediaPlayer.framework; path = System/Library/Frameworks/MediaPlayer.framework; sourceTree = SDKROOT; };
		218C64B71BA078BA00EEEDF1 /* Swift-Base.xcdatamodel */ = {isa = PBXFileReference; lastKnownFileType = wrapper.xcdatamodel; path = "Swift-Base.xcdatamodel"; sourceTree = "<group>"; };
		218C64BB1BA07D3800EEEDF1 /* ru */ = {isa = PBXFileReference; lastKnownFileType = text.plist.strings; name = ru; path = ru.lproj/Main_Storyboard.strings; sourceTree = "<group>"; };
		218C64C21BA07E1F00EEEDF1 /* Base */ = {isa = PBXFileReference; lastKnownFileType = text.plist.strings; name = Base; path = Base.lproj/Localizable.strings; sourceTree = "<group>"; };
		218C64C31BA07E4300EEEDF1 /* ru */ = {isa = PBXFileReference; lastKnownFileType = text.plist.strings; name = ru; path = ru.lproj/Localizable.strings; sourceTree = "<group>"; };
		21C9F2DF19E833300084D18D /* AVFoundation.framework */ = {isa = PBXFileReference; lastKnownFileType = wrapper.framework; name = AVFoundation.framework; path = System/Library/Frameworks/AVFoundation.framework; sourceTree = SDKROOT; };
		21DB300F19DD2289003A418D /* Swift-Base.app */ = {isa = PBXFileReference; explicitFileType = wrapper.application; includeInIndex = 0; path = "Swift-Base.app"; sourceTree = BUILT_PRODUCTS_DIR; };
		21DB301319DD2289003A418D /* Info.plist */ = {isa = PBXFileReference; lastKnownFileType = text.plist.xml; path = Info.plist; sourceTree = "<group>"; };
		21DB301419DD2289003A418D /* AppDelegate.swift */ = {isa = PBXFileReference; lastKnownFileType = sourcecode.swift; path = AppDelegate.swift; sourceTree = "<group>"; };
		21DB301E19DD2289003A418D /* Images.xcassets */ = {isa = PBXFileReference; lastKnownFileType = folder.assetcatalog; path = Images.xcassets; sourceTree = "<group>"; };
		21E617E21CE60676005D67E0 /* LaunchScreen.storyboard */ = {isa = PBXFileReference; fileEncoding = 4; lastKnownFileType = file.storyboard; path = LaunchScreen.storyboard; sourceTree = "<group>"; };
		2265BB77CF808D30857E6BB8 /* Pods-Abstract-Swift-BaseTests.appstore staging.xcconfig */ = {isa = PBXFileReference; includeInIndex = 1; lastKnownFileType = text.xcconfig; name = "Pods-Abstract-Swift-BaseTests.appstore staging.xcconfig"; path = "Pods/Target Support Files/Pods-Abstract-Swift-BaseTests/Pods-Abstract-Swift-BaseTests.appstore staging.xcconfig"; sourceTree = "<group>"; };
		2A1AE1E36ED34DE9B1144BB3 /* Pods-Swift-BaseUITests.debug staging.xcconfig */ = {isa = PBXFileReference; includeInIndex = 1; lastKnownFileType = text.xcconfig; name = "Pods-Swift-BaseUITests.debug staging.xcconfig"; path = "Pods/Target Support Files/Pods-Swift-BaseUITests/Pods-Swift-BaseUITests.debug staging.xcconfig"; sourceTree = "<group>"; };
		2EDBCEC62EED8E435D38F2E2 /* Pods-Abstract-Swift-Base.release.xcconfig */ = {isa = PBXFileReference; includeInIndex = 1; lastKnownFileType = text.xcconfig; name = "Pods-Abstract-Swift-Base.release.xcconfig"; path = "Pods/Target Support Files/Pods-Abstract-Swift-Base/Pods-Abstract-Swift-Base.release.xcconfig"; sourceTree = "<group>"; };
		30E10CA8C13400E183AC2638 /* Pods-Abstract-Swift-BaseTests.appstore.xcconfig */ = {isa = PBXFileReference; includeInIndex = 1; lastKnownFileType = text.xcconfig; name = "Pods-Abstract-Swift-BaseTests.appstore.xcconfig"; path = "Pods/Target Support Files/Pods-Abstract-Swift-BaseTests/Pods-Abstract-Swift-BaseTests.appstore.xcconfig"; sourceTree = "<group>"; };
		4FDB0559A20956E2F804BCC5 /* Pods-Swift-BaseTests.appstore staging.xcconfig */ = {isa = PBXFileReference; includeInIndex = 1; lastKnownFileType = text.xcconfig; name = "Pods-Swift-BaseTests.appstore staging.xcconfig"; path = "Pods/Target Support Files/Pods-Swift-BaseTests/Pods-Swift-BaseTests.appstore staging.xcconfig"; sourceTree = "<group>"; };
		515E1CD58AEDDB60304AE65F /* Pods-Abstract-Swift-Base.appstore.xcconfig */ = {isa = PBXFileReference; includeInIndex = 1; lastKnownFileType = text.xcconfig; name = "Pods-Abstract-Swift-Base.appstore.xcconfig"; path = "Pods/Target Support Files/Pods-Abstract-Swift-Base/Pods-Abstract-Swift-Base.appstore.xcconfig"; sourceTree = "<group>"; };
		5680218565A77C4235FC030D /* Pods-Swift-BaseUITests.test.xcconfig */ = {isa = PBXFileReference; includeInIndex = 1; lastKnownFileType = text.xcconfig; name = "Pods-Swift-BaseUITests.test.xcconfig"; path = "Pods/Target Support Files/Pods-Swift-BaseUITests/Pods-Swift-BaseUITests.test.xcconfig"; sourceTree = "<group>"; };
		5A6EEF9457403CA02590F64D /* Pods-Abstract-Swift-Base.appstore staging.xcconfig */ = {isa = PBXFileReference; includeInIndex = 1; lastKnownFileType = text.xcconfig; name = "Pods-Abstract-Swift-Base.appstore staging.xcconfig"; path = "Pods/Target Support Files/Pods-Abstract-Swift-Base/Pods-Abstract-Swift-Base.appstore staging.xcconfig"; sourceTree = "<group>"; };
		5FFECDAB821757A8696965B1 /* Pods-Swift-Base.appstore.xcconfig */ = {isa = PBXFileReference; includeInIndex = 1; lastKnownFileType = text.xcconfig; name = "Pods-Swift-Base.appstore.xcconfig"; path = "Pods/Target Support Files/Pods-Swift-Base/Pods-Swift-Base.appstore.xcconfig"; sourceTree = "<group>"; };
		603488A1F6209B3FC0730E39 /* Pods-Swift-BaseTests.debug staging.xcconfig */ = {isa = PBXFileReference; includeInIndex = 1; lastKnownFileType = text.xcconfig; name = "Pods-Swift-BaseTests.debug staging.xcconfig"; path = "Pods/Target Support Files/Pods-Swift-BaseTests/Pods-Swift-BaseTests.debug staging.xcconfig"; sourceTree = "<group>"; };
		62629B55F0F444A517A4C423 /* Pods-Swift-BaseUITests.appstore.xcconfig */ = {isa = PBXFileReference; includeInIndex = 1; lastKnownFileType = text.xcconfig; name = "Pods-Swift-BaseUITests.appstore.xcconfig"; path = "Pods/Target Support Files/Pods-Swift-BaseUITests/Pods-Swift-BaseUITests.appstore.xcconfig"; sourceTree = "<group>"; };
		64D27B4164BEF7EB6D4FC90C /* Pods-Swift-BaseTests.test.xcconfig */ = {isa = PBXFileReference; includeInIndex = 1; lastKnownFileType = text.xcconfig; name = "Pods-Swift-BaseTests.test.xcconfig"; path = "Pods/Target Support Files/Pods-Swift-BaseTests/Pods-Swift-BaseTests.test.xcconfig"; sourceTree = "<group>"; };
		68D030CC4C6950A7AF958E88 /* Pods_Abstract_Swift_BaseTests.framework */ = {isa = PBXFileReference; explicitFileType = wrapper.framework; includeInIndex = 0; path = Pods_Abstract_Swift_BaseTests.framework; sourceTree = BUILT_PRODUCTS_DIR; };
		6E7BAA57C604196285083A18 /* Pods-Swift-Base.release staging.xcconfig */ = {isa = PBXFileReference; includeInIndex = 1; lastKnownFileType = text.xcconfig; name = "Pods-Swift-Base.release staging.xcconfig"; path = "Pods/Target Support Files/Pods-Swift-Base/Pods-Swift-Base.release staging.xcconfig"; sourceTree = "<group>"; };
		791CDADA226760F71B49499D /* Pods-Swift-Base.release.xcconfig */ = {isa = PBXFileReference; includeInIndex = 1; lastKnownFileType = text.xcconfig; name = "Pods-Swift-Base.release.xcconfig"; path = "Pods/Target Support Files/Pods-Swift-Base/Pods-Swift-Base.release.xcconfig"; sourceTree = "<group>"; };
		86B3A86E0650E2ED8BA485B6 /* Pods-Abstract-Swift-Base.debug staging.xcconfig */ = {isa = PBXFileReference; includeInIndex = 1; lastKnownFileType = text.xcconfig; name = "Pods-Abstract-Swift-Base.debug staging.xcconfig"; path = "Pods/Target Support Files/Pods-Abstract-Swift-Base/Pods-Abstract-Swift-Base.debug staging.xcconfig"; sourceTree = "<group>"; };
		8BE8A10D4F6C40D2CFF8881F /* Pods-Abstract-Swift-Base.test.xcconfig */ = {isa = PBXFileReference; includeInIndex = 1; lastKnownFileType = text.xcconfig; name = "Pods-Abstract-Swift-Base.test.xcconfig"; path = "Pods/Target Support Files/Pods-Abstract-Swift-Base/Pods-Abstract-Swift-Base.test.xcconfig"; sourceTree = "<group>"; };
		939D201EA38A5C54F69E5C78 /* Pods-Abstract-Swift-BaseTests.release.xcconfig */ = {isa = PBXFileReference; includeInIndex = 1; lastKnownFileType = text.xcconfig; name = "Pods-Abstract-Swift-BaseTests.release.xcconfig"; path = "Pods/Target Support Files/Pods-Abstract-Swift-BaseTests/Pods-Abstract-Swift-BaseTests.release.xcconfig"; sourceTree = "<group>"; };
		A51A59DCD384CAF58B2961A7 /* Pods-Swift-BaseTests.appstore.xcconfig */ = {isa = PBXFileReference; includeInIndex = 1; lastKnownFileType = text.xcconfig; name = "Pods-Swift-BaseTests.appstore.xcconfig"; path = "Pods/Target Support Files/Pods-Swift-BaseTests/Pods-Swift-BaseTests.appstore.xcconfig"; sourceTree = "<group>"; };
		B21809D2EF15C6FD4042F092 /* Pods_Swift_Base.framework */ = {isa = PBXFileReference; explicitFileType = wrapper.framework; includeInIndex = 0; path = Pods_Swift_Base.framework; sourceTree = BUILT_PRODUCTS_DIR; };
		B66C84DF09B94596F79FE884 /* Pods_Abstract_Swift_Base.framework */ = {isa = PBXFileReference; explicitFileType = wrapper.framework; includeInIndex = 0; path = Pods_Abstract_Swift_Base.framework; sourceTree = BUILT_PRODUCTS_DIR; };
		BC34A414A3141736DAC65BE7 /* Pods_Swift_BaseTests.framework */ = {isa = PBXFileReference; explicitFileType = wrapper.framework; includeInIndex = 0; path = Pods_Swift_BaseTests.framework; sourceTree = BUILT_PRODUCTS_DIR; };
		BD474BF55427F785B95E1521 /* Pods_Swift_BaseUITests.framework */ = {isa = PBXFileReference; explicitFileType = wrapper.framework; includeInIndex = 0; path = Pods_Swift_BaseUITests.framework; sourceTree = BUILT_PRODUCTS_DIR; };
		BFB5164643740790B3D625C6 /* Pods-Swift-BaseTests.release.xcconfig */ = {isa = PBXFileReference; includeInIndex = 1; lastKnownFileType = text.xcconfig; name = "Pods-Swift-BaseTests.release.xcconfig"; path = "Pods/Target Support Files/Pods-Swift-BaseTests/Pods-Swift-BaseTests.release.xcconfig"; sourceTree = "<group>"; };
		C09E73AD933DF021CF291D2B /* Pods_Abstract_Swift_BaseUITests.framework */ = {isa = PBXFileReference; explicitFileType = wrapper.framework; includeInIndex = 0; path = Pods_Abstract_Swift_BaseUITests.framework; sourceTree = BUILT_PRODUCTS_DIR; };
		C3B9F328224D322900ED6949 /* ExampleService.swift */ = {isa = PBXFileReference; lastKnownFileType = sourcecode.swift; path = ExampleService.swift; sourceTree = "<group>"; };
		C3B9F32C224D377B00ED6949 /* DefaultExampleService.swift */ = {isa = PBXFileReference; lastKnownFileType = sourcecode.swift; path = DefaultExampleService.swift; sourceTree = "<group>"; };
		C3B9F32E224D38AE00ED6949 /* Services.swift */ = {isa = PBXFileReference; lastKnownFileType = sourcecode.swift; path = Services.swift; sourceTree = "<group>"; };
		C3B9F334224E385900ED6949 /* DefaultTargetType.swift */ = {isa = PBXFileReference; lastKnownFileType = sourcecode.swift; path = DefaultTargetType.swift; sourceTree = "<group>"; };
		C3B9F336224E3FD300ED6949 /* ExampleAPI.swift */ = {isa = PBXFileReference; lastKnownFileType = sourcecode.swift; path = ExampleAPI.swift; sourceTree = "<group>"; };
		C8ACEDDEF27D7CEC8050008B /* Pods-Abstract-Swift-BaseTests.debug staging.xcconfig */ = {isa = PBXFileReference; includeInIndex = 1; lastKnownFileType = text.xcconfig; name = "Pods-Abstract-Swift-BaseTests.debug staging.xcconfig"; path = "Pods/Target Support Files/Pods-Abstract-Swift-BaseTests/Pods-Abstract-Swift-BaseTests.debug staging.xcconfig"; sourceTree = "<group>"; };
		C9C7DACE6AD96D0A52AFBF85 /* Pods-Swift-BaseUITests.release staging.xcconfig */ = {isa = PBXFileReference; includeInIndex = 1; lastKnownFileType = text.xcconfig; name = "Pods-Swift-BaseUITests.release staging.xcconfig"; path = "Pods/Target Support Files/Pods-Swift-BaseUITests/Pods-Swift-BaseUITests.release staging.xcconfig"; sourceTree = "<group>"; };
		CB18CA30223109670027E905 /* UserDefaultsKeys.swift */ = {isa = PBXFileReference; lastKnownFileType = sourcecode.swift; path = UserDefaultsKeys.swift; sourceTree = "<group>"; };
		CB18CA3222310A070027E905 /* Colors.swift */ = {isa = PBXFileReference; lastKnownFileType = sourcecode.swift; path = Colors.swift; sourceTree = "<group>"; };
		CB18CA3422310B0D0027E905 /* Fonts.swift */ = {isa = PBXFileReference; lastKnownFileType = sourcecode.swift; path = Fonts.swift; sourceTree = "<group>"; };
		CB4EB17F222ED72B00FF2232 /* Swift-BaseTests.xctest */ = {isa = PBXFileReference; explicitFileType = wrapper.cfbundle; includeInIndex = 0; path = "Swift-BaseTests.xctest"; sourceTree = BUILT_PRODUCTS_DIR; };
		CB4EB181222ED72B00FF2232 /* Swift_BaseTests.swift */ = {isa = PBXFileReference; lastKnownFileType = sourcecode.swift; path = Swift_BaseTests.swift; sourceTree = "<group>"; };
		CB4EB183222ED72B00FF2232 /* Info.plist */ = {isa = PBXFileReference; lastKnownFileType = text.plist.xml; path = Info.plist; sourceTree = "<group>"; };
		CB4EB191222ED73C00FF2232 /* Swift-BaseUITests.xctest */ = {isa = PBXFileReference; explicitFileType = wrapper.cfbundle; includeInIndex = 0; path = "Swift-BaseUITests.xctest"; sourceTree = BUILT_PRODUCTS_DIR; };
		CB4EB193222ED73C00FF2232 /* Swift_BaseUITests.swift */ = {isa = PBXFileReference; lastKnownFileType = sourcecode.swift; path = Swift_BaseUITests.swift; sourceTree = "<group>"; };
		CB4EB195222ED73C00FF2232 /* Info.plist */ = {isa = PBXFileReference; lastKnownFileType = text.plist.xml; path = Info.plist; sourceTree = "<group>"; };
		CD668A6E2E26FB6FE9EC39E2 /* Pods-Abstract-Swift-BaseTests.test.xcconfig */ = {isa = PBXFileReference; includeInIndex = 1; lastKnownFileType = text.xcconfig; name = "Pods-Abstract-Swift-BaseTests.test.xcconfig"; path = "Pods/Target Support Files/Pods-Abstract-Swift-BaseTests/Pods-Abstract-Swift-BaseTests.test.xcconfig"; sourceTree = "<group>"; };
		D674784D249FB8DC5340E4D9 /* Pods-Swift-BaseUITests.release.xcconfig */ = {isa = PBXFileReference; includeInIndex = 1; lastKnownFileType = text.xcconfig; name = "Pods-Swift-BaseUITests.release.xcconfig"; path = "Pods/Target Support Files/Pods-Swift-BaseUITests/Pods-Swift-BaseUITests.release.xcconfig"; sourceTree = "<group>"; };
		D94174684F8EC7156120E6AF /* Pods-Swift-Base.debug staging.xcconfig */ = {isa = PBXFileReference; includeInIndex = 1; lastKnownFileType = text.xcconfig; name = "Pods-Swift-Base.debug staging.xcconfig"; path = "Pods/Target Support Files/Pods-Swift-Base/Pods-Swift-Base.debug staging.xcconfig"; sourceTree = "<group>"; };
		D97C3F8992D1704C15ECDE40 /* Pods-Swift-BaseTests.release staging.xcconfig */ = {isa = PBXFileReference; includeInIndex = 1; lastKnownFileType = text.xcconfig; name = "Pods-Swift-BaseTests.release staging.xcconfig"; path = "Pods/Target Support Files/Pods-Swift-BaseTests/Pods-Swift-BaseTests.release staging.xcconfig"; sourceTree = "<group>"; };
		DC4B5E47BC86CBB14A7CB50E /* Pods-Swift-Base.test.xcconfig */ = {isa = PBXFileReference; includeInIndex = 1; lastKnownFileType = text.xcconfig; name = "Pods-Swift-Base.test.xcconfig"; path = "Pods/Target Support Files/Pods-Swift-Base/Pods-Swift-Base.test.xcconfig"; sourceTree = "<group>"; };
		E7566DA01A1F85CB00DE3010 /* Base */ = {isa = PBXFileReference; lastKnownFileType = file.storyboard; name = Base; path = Base.lproj/Main_Storyboard.storyboard; sourceTree = "<group>"; };
		E75BB8061E8CFEF90035C2DA /* Base */ = {isa = PBXFileReference; lastKnownFileType = file.storyboard; name = Base; path = Base.lproj/Main_iPad.storyboard; sourceTree = "<group>"; };
		E75BB8091E8CFEFB0035C2DA /* ru */ = {isa = PBXFileReference; lastKnownFileType = text.plist.strings; name = ru; path = ru.lproj/Main_iPad.strings; sourceTree = "<group>"; };
		F5569AFF31D6AD52CF989338 /* Pods-Abstract-Swift-Base.release staging.xcconfig */ = {isa = PBXFileReference; includeInIndex = 1; lastKnownFileType = text.xcconfig; name = "Pods-Abstract-Swift-Base.release staging.xcconfig"; path = "Pods/Target Support Files/Pods-Abstract-Swift-Base/Pods-Abstract-Swift-Base.release staging.xcconfig"; sourceTree = "<group>"; };
		FE4BF9F76D2787DC0E27216D /* Pods-Abstract-Swift-BaseTests.release staging.xcconfig */ = {isa = PBXFileReference; includeInIndex = 1; lastKnownFileType = text.xcconfig; name = "Pods-Abstract-Swift-BaseTests.release staging.xcconfig"; path = "Pods/Target Support Files/Pods-Abstract-Swift-BaseTests/Pods-Abstract-Swift-BaseTests.release staging.xcconfig"; sourceTree = "<group>"; };
/* End PBXFileReference section */

/* Begin PBXFrameworksBuildPhase section */
		21DB300C19DD2289003A418D /* Frameworks */ = {
			isa = PBXFrameworksBuildPhase;
			buildActionMask = 2147483647;
			files = (
				213B89BF19F01A1E005D3749 /* CoreGraphics.framework in Frameworks */,
				2E7E76D2F3337950D7564BCB /* Pods_Swift_Base.framework in Frameworks */,
			);
			runOnlyForDeploymentPostprocessing = 0;
		};
		CB4EB17C222ED72B00FF2232 /* Frameworks */ = {
			isa = PBXFrameworksBuildPhase;
			buildActionMask = 2147483647;
			files = (
				7F7824E8E9D04257E5C62ABC /* Pods_Swift_BaseTests.framework in Frameworks */,
			);
			runOnlyForDeploymentPostprocessing = 0;
		};
		CB4EB18E222ED73C00FF2232 /* Frameworks */ = {
			isa = PBXFrameworksBuildPhase;
			buildActionMask = 2147483647;
			files = (
				E69B5BE4284C38BF7CFB7B98 /* Pods_Swift_BaseUITests.framework in Frameworks */,
			);
			runOnlyForDeploymentPostprocessing = 0;
		};
/* End PBXFrameworksBuildPhase section */

/* Begin PBXGroup section */
		0721AE202046E325009B4474 /* Helpers */ = {
			isa = PBXGroup;
			children = (
				214F4FF31BFDC2D90084BE32 /* Helpers.swift */,
			);
			path = Helpers;
			sourceTree = "<group>";
		};
		0721AE272046EDB1009B4474 /* Configuration */ = {
			isa = PBXGroup;
			children = (
				CB18CA3222310A070027E905 /* Colors.swift */,
				CB18CA3422310B0D0027E905 /* Fonts.swift */,
				CB18CA30223109670027E905 /* UserDefaultsKeys.swift */,
				C3B9F32E224D38AE00ED6949 /* Services.swift */,
			);
			path = Configuration;
			sourceTree = "<group>";
		};
		0721AE2C2046EE57009B4474 /* ViewControllers */ = {
			isa = PBXGroup;
			children = (
				2124DF9F1A8DF48000422313 /* ViewController.swift */,
			);
			path = ViewControllers;
			sourceTree = "<group>";
		};
		0721AE2F2046EF11009B4474 /* Resources */ = {
			isa = PBXGroup;
			children = (
				218C64BC1BA07DDE00EEEDF1 /* Localization */,
				21DB301E19DD2289003A418D /* Images.xcassets */,
			);
			path = Resources;
			sourceTree = "<group>";
		};
		0721AE322046EF9F009B4474 /* Stroyboards */ = {
			isa = PBXGroup;
			children = (
				E7566DA11A1F85CB00DE3010 /* Main_Storyboard.storyboard */,
				E75BB8071E8CFEF90035C2DA /* Main_iPad.storyboard */,
				21E617E21CE60676005D67E0 /* LaunchScreen.storyboard */,
			);
			path = Stroyboards;
			sourceTree = "<group>";
		};
		07606FE02088D15F00D1B824 /* Supporting Files */ = {
			isa = PBXGroup;
			children = (
				21DB301319DD2289003A418D /* Info.plist */,
			);
			path = "Supporting Files";
			sourceTree = "<group>";
		};
		218C64B41BA078BA00EEEDF1 /* Models */ = {
			isa = PBXGroup;
			children = (
				218C64B61BA078BA00EEEDF1 /* Swift-Base.xcdatamodeld */,
			);
			path = Models;
			sourceTree = "<group>";
		};
		218C64BC1BA07DDE00EEEDF1 /* Localization */ = {
			isa = PBXGroup;
			children = (
				218C64BD1BA07DDE00EEEDF1 /* Localizable.strings */,
			);
			path = Localization;
			sourceTree = "<group>";
		};
		21DB300619DD2289003A418D = {
			isa = PBXGroup;
			children = (
				21DB301119DD2289003A418D /* Swift-Base */,
				CB4EB180222ED72B00FF2232 /* Swift-BaseTests */,
				CB4EB192222ED73C00FF2232 /* Swift-BaseUITests */,
				21DB301019DD2289003A418D /* Products */,
				5C5B41AD2B6E0DFDD4D53E6B /* Frameworks */,
				825045F4C29A8605164DFADD /* Pods */,
			);
			sourceTree = "<group>";
		};
		21DB301019DD2289003A418D /* Products */ = {
			isa = PBXGroup;
			children = (
				21DB300F19DD2289003A418D /* Swift-Base.app */,
				CB4EB17F222ED72B00FF2232 /* Swift-BaseTests.xctest */,
				CB4EB191222ED73C00FF2232 /* Swift-BaseUITests.xctest */,
			);
			name = Products;
			sourceTree = "<group>";
		};
		21DB301119DD2289003A418D /* Swift-Base */ = {
			isa = PBXGroup;
			children = (
				21DB301419DD2289003A418D /* AppDelegate.swift */,
				C3B9F326224D320B00ED6949 /* Services */,
				0721AE272046EDB1009B4474 /* Configuration */,
				0721AE202046E325009B4474 /* Helpers */,
				218C64B41BA078BA00EEEDF1 /* Models */,
				0721AE2F2046EF11009B4474 /* Resources */,
				0721AE2C2046EE57009B4474 /* ViewControllers */,
				0721AE322046EF9F009B4474 /* Stroyboards */,
				07606FE02088D15F00D1B824 /* Supporting Files */,
			);
			path = "Swift-Base";
			sourceTree = "<group>";
		};
		5C5B41AD2B6E0DFDD4D53E6B /* Frameworks */ = {
			isa = PBXGroup;
			children = (
				194478471AAF90AF00A34744 /* SenTestingKit.framework */,
				213B89C019F01A40005D3749 /* SpriteKit.framework */,
				213B89BE19F01A1E005D3749 /* CoreGraphics.framework */,
				21513BBD19EBCBFA00EE6273 /* MediaPlayer.framework */,
				21C9F2DF19E833300084D18D /* AVFoundation.framework */,
				1218E154FF6E17259B67BF8D /* Pods.framework */,
				B66C84DF09B94596F79FE884 /* Pods_Abstract_Swift_Base.framework */,
				68D030CC4C6950A7AF958E88 /* Pods_Abstract_Swift_BaseTests.framework */,
				C09E73AD933DF021CF291D2B /* Pods_Abstract_Swift_BaseUITests.framework */,
				B21809D2EF15C6FD4042F092 /* Pods_Swift_Base.framework */,
				BC34A414A3141736DAC65BE7 /* Pods_Swift_BaseTests.framework */,
				BD474BF55427F785B95E1521 /* Pods_Swift_BaseUITests.framework */,
			);
			name = Frameworks;
			sourceTree = "<group>";
		};
		825045F4C29A8605164DFADD /* Pods */ = {
			isa = PBXGroup;
			children = (
				86B3A86E0650E2ED8BA485B6 /* Pods-Abstract-Swift-Base.debug staging.xcconfig */,
				515E1CD58AEDDB60304AE65F /* Pods-Abstract-Swift-Base.appstore.xcconfig */,
				F5569AFF31D6AD52CF989338 /* Pods-Abstract-Swift-Base.release staging.xcconfig */,
				5A6EEF9457403CA02590F64D /* Pods-Abstract-Swift-Base.appstore staging.xcconfig */,
				C8ACEDDEF27D7CEC8050008B /* Pods-Abstract-Swift-BaseTests.debug staging.xcconfig */,
				CD668A6E2E26FB6FE9EC39E2 /* Pods-Abstract-Swift-BaseTests.test.xcconfig */,
				30E10CA8C13400E183AC2638 /* Pods-Abstract-Swift-BaseTests.appstore.xcconfig */,
				FE4BF9F76D2787DC0E27216D /* Pods-Abstract-Swift-BaseTests.release staging.xcconfig */,
				2265BB77CF808D30857E6BB8 /* Pods-Abstract-Swift-BaseTests.appstore staging.xcconfig */,
				2EDBCEC62EED8E435D38F2E2 /* Pods-Abstract-Swift-Base.release.xcconfig */,
				8BE8A10D4F6C40D2CFF8881F /* Pods-Abstract-Swift-Base.test.xcconfig */,
				939D201EA38A5C54F69E5C78 /* Pods-Abstract-Swift-BaseTests.release.xcconfig */,
				791CDADA226760F71B49499D /* Pods-Swift-Base.release.xcconfig */,
				DC4B5E47BC86CBB14A7CB50E /* Pods-Swift-Base.test.xcconfig */,
				5FFECDAB821757A8696965B1 /* Pods-Swift-Base.appstore.xcconfig */,
				6E7BAA57C604196285083A18 /* Pods-Swift-Base.release staging.xcconfig */,
				D94174684F8EC7156120E6AF /* Pods-Swift-Base.debug staging.xcconfig */,
				1A693C2D567FE7B2C21ED2B2 /* Pods-Swift-Base.appstore staging.xcconfig */,
				603488A1F6209B3FC0730E39 /* Pods-Swift-BaseTests.debug staging.xcconfig */,
				64D27B4164BEF7EB6D4FC90C /* Pods-Swift-BaseTests.test.xcconfig */,
				A51A59DCD384CAF58B2961A7 /* Pods-Swift-BaseTests.appstore.xcconfig */,
				D97C3F8992D1704C15ECDE40 /* Pods-Swift-BaseTests.release staging.xcconfig */,
				4FDB0559A20956E2F804BCC5 /* Pods-Swift-BaseTests.appstore staging.xcconfig */,
				BFB5164643740790B3D625C6 /* Pods-Swift-BaseTests.release.xcconfig */,
				2A1AE1E36ED34DE9B1144BB3 /* Pods-Swift-BaseUITests.debug staging.xcconfig */,
				5680218565A77C4235FC030D /* Pods-Swift-BaseUITests.test.xcconfig */,
				62629B55F0F444A517A4C423 /* Pods-Swift-BaseUITests.appstore.xcconfig */,
				C9C7DACE6AD96D0A52AFBF85 /* Pods-Swift-BaseUITests.release staging.xcconfig */,
				15235CC3B840AD1FB8DE3152 /* Pods-Swift-BaseUITests.appstore staging.xcconfig */,
				D674784D249FB8DC5340E4D9 /* Pods-Swift-BaseUITests.release.xcconfig */,
			);
			name = Pods;
			sourceTree = "<group>";
		};
		C3B9F326224D320B00ED6949 /* Services */ = {
			isa = PBXGroup;
			children = (
				C3B9F327224D321300ED6949 /* API */,
				C3B9F328224D322900ED6949 /* ExampleService.swift */,
				C3B9F32C224D377B00ED6949 /* DefaultExampleService.swift */,
			);
			path = Services;
			sourceTree = "<group>";
		};
		C3B9F327224D321300ED6949 /* API */ = {
			isa = PBXGroup;
			children = (
				C3B9F334224E385900ED6949 /* DefaultTargetType.swift */,
				C3B9F336224E3FD300ED6949 /* ExampleAPI.swift */,
			);
			path = API;
			sourceTree = "<group>";
		};
		CB4EB180222ED72B00FF2232 /* Swift-BaseTests */ = {
			isa = PBXGroup;
			children = (
				CB4EB181222ED72B00FF2232 /* Swift_BaseTests.swift */,
				CB4EB183222ED72B00FF2232 /* Info.plist */,
			);
			path = "Swift-BaseTests";
			sourceTree = "<group>";
		};
		CB4EB192222ED73C00FF2232 /* Swift-BaseUITests */ = {
			isa = PBXGroup;
			children = (
				CB4EB193222ED73C00FF2232 /* Swift_BaseUITests.swift */,
				CB4EB195222ED73C00FF2232 /* Info.plist */,
			);
			path = "Swift-BaseUITests";
			sourceTree = "<group>";
		};
/* End PBXGroup section */

/* Begin PBXNativeTarget section */
		21DB300E19DD2289003A418D /* Swift-Base */ = {
			isa = PBXNativeTarget;
			buildConfigurationList = 21DB303119DD2289003A418D /* Build configuration list for PBXNativeTarget "Swift-Base" */;
			buildPhases = (
				CC612261ED91271563C1FE5B /* [CP] Check Pods Manifest.lock */,
				07B2A25A220ADE80001EC701 /* ShellScript */,
				21DB300B19DD2289003A418D /* Sources */,
				21DB300C19DD2289003A418D /* Frameworks */,
				21DB300D19DD2289003A418D /* Resources */,
				21B3D19F19E6E2B700EF0D52 /* Fabric */,
				ED5EA10099FAC7936106D98E /* [CP] Embed Pods Frameworks */,
			);
			buildRules = (
			);
			dependencies = (
			);
			name = "Swift-Base";
			productName = "Swift-Base";
			productReference = 21DB300F19DD2289003A418D /* Swift-Base.app */;
			productType = "com.apple.product-type.application";
		};
		CB4EB17E222ED72B00FF2232 /* Swift-BaseTests */ = {
			isa = PBXNativeTarget;
			buildConfigurationList = CB4EB186222ED72B00FF2232 /* Build configuration list for PBXNativeTarget "Swift-BaseTests" */;
			buildPhases = (
				79A158BC2751344DB692306E /* [CP] Check Pods Manifest.lock */,
				CB4EB17B222ED72B00FF2232 /* Sources */,
				CB4EB17C222ED72B00FF2232 /* Frameworks */,
				CB4EB17D222ED72B00FF2232 /* Resources */,
			);
			buildRules = (
			);
			dependencies = (
				CB4EB185222ED72B00FF2232 /* PBXTargetDependency */,
			);
			name = "Swift-BaseTests";
			productName = "Swift-BaseTests";
			productReference = CB4EB17F222ED72B00FF2232 /* Swift-BaseTests.xctest */;
			productType = "com.apple.product-type.bundle.unit-test";
		};
		CB4EB190222ED73C00FF2232 /* Swift-BaseUITests */ = {
			isa = PBXNativeTarget;
			buildConfigurationList = CB4EB198222ED73C00FF2232 /* Build configuration list for PBXNativeTarget "Swift-BaseUITests" */;
			buildPhases = (
				F5E5D5BBA53B351DFD98C41C /* [CP] Check Pods Manifest.lock */,
				CB4EB18D222ED73C00FF2232 /* Sources */,
				CB4EB18E222ED73C00FF2232 /* Frameworks */,
				CB4EB18F222ED73C00FF2232 /* Resources */,
			);
			buildRules = (
			);
			dependencies = (
				CB4EB197222ED73C00FF2232 /* PBXTargetDependency */,
			);
			name = "Swift-BaseUITests";
			productName = "Swift-BaseUITests";
			productReference = CB4EB191222ED73C00FF2232 /* Swift-BaseUITests.xctest */;
			productType = "com.apple.product-type.bundle.ui-testing";
		};
/* End PBXNativeTarget section */

/* Begin PBXProject section */
		21DB300719DD2289003A418D /* Project object */ = {
			isa = PBXProject;
			attributes = {
				LastSwiftMigration = 0700;
				LastSwiftUpdateCheck = 1010;
				LastTestingUpgradeCheck = 0700;
				LastUpgradeCheck = 1020;
				ORGANIZATIONNAME = Flatstack;
				TargetAttributes = {
					21DB300E19DD2289003A418D = {
						CreatedOnToolsVersion = 6.0.1;
						DevelopmentTeam = Y49MTY8CU2;
						LastSwiftMigration = 0900;
					};
					CB4EB17E222ED72B00FF2232 = {
						CreatedOnToolsVersion = 10.1;
						ProvisioningStyle = Automatic;
						TestTargetID = 21DB300E19DD2289003A418D;
					};
					CB4EB190222ED73C00FF2232 = {
						CreatedOnToolsVersion = 10.1;
						ProvisioningStyle = Automatic;
						TestTargetID = 21DB300E19DD2289003A418D;
					};
				};
			};
			buildConfigurationList = 21DB300A19DD2289003A418D /* Build configuration list for PBXProject "Swift-Base" */;
			compatibilityVersion = "Xcode 9.3";
			developmentRegion = en;
			hasScannedForEncodings = 0;
			knownRegions = (
				Base,
				ru,
				en,
			);
			mainGroup = 21DB300619DD2289003A418D;
			productRefGroup = 21DB301019DD2289003A418D /* Products */;
			projectDirPath = "";
			projectRoot = "";
			targets = (
				21DB300E19DD2289003A418D /* Swift-Base */,
				CB4EB17E222ED72B00FF2232 /* Swift-BaseTests */,
				CB4EB190222ED73C00FF2232 /* Swift-BaseUITests */,
			);
		};
/* End PBXProject section */

/* Begin PBXResourcesBuildPhase section */
		21DB300D19DD2289003A418D /* Resources */ = {
			isa = PBXResourcesBuildPhase;
			buildActionMask = 2147483647;
			files = (
				E75BB8051E8CFEF90035C2DA /* Main_iPad.storyboard in Resources */,
				E7566D9F1A1F85CB00DE3010 /* Main_Storyboard.storyboard in Resources */,
				218C64C01BA07DDE00EEEDF1 /* Localizable.strings in Resources */,
				21E617E31CE60676005D67E0 /* LaunchScreen.storyboard in Resources */,
				21DB301F19DD2289003A418D /* Images.xcassets in Resources */,
			);
			runOnlyForDeploymentPostprocessing = 0;
		};
		CB4EB17D222ED72B00FF2232 /* Resources */ = {
			isa = PBXResourcesBuildPhase;
			buildActionMask = 2147483647;
			files = (
			);
			runOnlyForDeploymentPostprocessing = 0;
		};
		CB4EB18F222ED73C00FF2232 /* Resources */ = {
			isa = PBXResourcesBuildPhase;
			buildActionMask = 2147483647;
			files = (
			);
			runOnlyForDeploymentPostprocessing = 0;
		};
/* End PBXResourcesBuildPhase section */

/* Begin PBXShellScriptBuildPhase section */
		07B2A25A220ADE80001EC701 /* ShellScript */ = {
			isa = PBXShellScriptBuildPhase;
			buildActionMask = 2147483647;
			files = (
			);
			inputPaths = (
			);
			outputPaths = (
			);
			runOnlyForDeploymentPostprocessing = 0;
			shellPath = /bin/sh;
			shellScript = "\"${PODS_ROOT}/SwiftLint/swiftlint\"\n";
		};
		21B3D19F19E6E2B700EF0D52 /* Fabric */ = {
			isa = PBXShellScriptBuildPhase;
			buildActionMask = 2147483647;
			files = (
			);
			inputPaths = (
				"${PODS_PODFILE_DIR_PATH}/Podfile.lock",
				"${PODS_ROOT}/Manifest.lock",
			);
			name = Fabric;
			outputPaths = (
				"$(DERIVED_FILE_DIR)/Pods-Abstract-Swift-BaseTests-checkManifestLockResult.txt",
			);
			runOnlyForDeploymentPostprocessing = 0;
			shellPath = /bin/sh;
			shellScript = "#\"${PODS_ROOT}/Fabric/Fabric.framework/run\" api_key build_secret";
		};
		79A158BC2751344DB692306E /* [CP] Check Pods Manifest.lock */ = {
			isa = PBXShellScriptBuildPhase;
			buildActionMask = 2147483647;
			files = (
			);
			inputPaths = (
				"${PODS_PODFILE_DIR_PATH}/Podfile.lock",
				"${PODS_ROOT}/Manifest.lock",
			);
			name = "[CP] Check Pods Manifest.lock";
			outputPaths = (
				"$(DERIVED_FILE_DIR)/Pods-Swift-BaseTests-checkManifestLockResult.txt",
			);
			runOnlyForDeploymentPostprocessing = 0;
			shellPath = /bin/sh;
			shellScript = "diff \"${PODS_PODFILE_DIR_PATH}/Podfile.lock\" \"${PODS_ROOT}/Manifest.lock\" > /dev/null\nif [ $? != 0 ] ; then\n    # print error to STDERR\n    echo \"error: The sandbox is not in sync with the Podfile.lock. Run 'pod install' or update your CocoaPods installation.\" >&2\n    exit 1\nfi\n# This output is used by Xcode 'outputs' to avoid re-running this script phase.\necho \"SUCCESS\" > \"${SCRIPT_OUTPUT_FILE_0}\"\n";
			showEnvVarsInLog = 0;
		};
		CC612261ED91271563C1FE5B /* [CP] Check Pods Manifest.lock */ = {
			isa = PBXShellScriptBuildPhase;
			buildActionMask = 2147483647;
			files = (
			);
			inputPaths = (
				"${PODS_PODFILE_DIR_PATH}/Podfile.lock",
				"${PODS_ROOT}/Manifest.lock",
			);
			name = "[CP] Check Pods Manifest.lock";
			outputPaths = (
				"$(DERIVED_FILE_DIR)/Pods-Swift-Base-checkManifestLockResult.txt",
			);
			runOnlyForDeploymentPostprocessing = 0;
			shellPath = /bin/sh;
			shellScript = "diff \"${PODS_PODFILE_DIR_PATH}/Podfile.lock\" \"${PODS_ROOT}/Manifest.lock\" > /dev/null\nif [ $? != 0 ] ; then\n    # print error to STDERR\n    echo \"error: The sandbox is not in sync with the Podfile.lock. Run 'pod install' or update your CocoaPods installation.\" >&2\n    exit 1\nfi\n# This output is used by Xcode 'outputs' to avoid re-running this script phase.\necho \"SUCCESS\" > \"${SCRIPT_OUTPUT_FILE_0}\"\n";
			showEnvVarsInLog = 0;
		};
		ED5EA10099FAC7936106D98E /* [CP] Embed Pods Frameworks */ = {
			isa = PBXShellScriptBuildPhase;
			buildActionMask = 2147483647;
			files = (
			);
			inputPaths = (
				"${PODS_ROOT}/Target Support Files/Pods-Swift-Base/Pods-Swift-Base-frameworks.sh",
				"${BUILT_PRODUCTS_DIR}/Alamofire/Alamofire.framework",
				"${BUILT_PRODUCTS_DIR}/Moya/Moya.framework",
				"${BUILT_PRODUCTS_DIR}/PromiseKit/PromiseKit.framework",
				"${BUILT_PRODUCTS_DIR}/Result/Result.framework",
			);
			name = "[CP] Embed Pods Frameworks";
			outputPaths = (
				"${TARGET_BUILD_DIR}/${FRAMEWORKS_FOLDER_PATH}/Alamofire.framework",
				"${TARGET_BUILD_DIR}/${FRAMEWORKS_FOLDER_PATH}/Moya.framework",
				"${TARGET_BUILD_DIR}/${FRAMEWORKS_FOLDER_PATH}/PromiseKit.framework",
				"${TARGET_BUILD_DIR}/${FRAMEWORKS_FOLDER_PATH}/Result.framework",
			);
			runOnlyForDeploymentPostprocessing = 0;
			shellPath = /bin/sh;
			shellScript = "\"${PODS_ROOT}/Target Support Files/Pods-Swift-Base/Pods-Swift-Base-frameworks.sh\"\n";
			showEnvVarsInLog = 0;
		};
		F5E5D5BBA53B351DFD98C41C /* [CP] Check Pods Manifest.lock */ = {
			isa = PBXShellScriptBuildPhase;
			buildActionMask = 2147483647;
			files = (
			);
			inputPaths = (
				"${PODS_PODFILE_DIR_PATH}/Podfile.lock",
				"${PODS_ROOT}/Manifest.lock",
			);
			name = "[CP] Check Pods Manifest.lock";
			outputPaths = (
				"$(DERIVED_FILE_DIR)/Pods-Swift-BaseUITests-checkManifestLockResult.txt",
			);
			runOnlyForDeploymentPostprocessing = 0;
			shellPath = /bin/sh;
			shellScript = "diff \"${PODS_PODFILE_DIR_PATH}/Podfile.lock\" \"${PODS_ROOT}/Manifest.lock\" > /dev/null\nif [ $? != 0 ] ; then\n    # print error to STDERR\n    echo \"error: The sandbox is not in sync with the Podfile.lock. Run 'pod install' or update your CocoaPods installation.\" >&2\n    exit 1\nfi\n# This output is used by Xcode 'outputs' to avoid re-running this script phase.\necho \"SUCCESS\" > \"${SCRIPT_OUTPUT_FILE_0}\"\n";
			showEnvVarsInLog = 0;
		};
/* End PBXShellScriptBuildPhase section */

/* Begin PBXSourcesBuildPhase section */
		21DB300B19DD2289003A418D /* Sources */ = {
			isa = PBXSourcesBuildPhase;
			buildActionMask = 2147483647;
			files = (
				218C64B81BA078BA00EEEDF1 /* Swift-Base.xcdatamodeld in Sources */,
				CB18CA3322310A070027E905 /* Colors.swift in Sources */,
				C3B9F337224E3FD300ED6949 /* ExampleAPI.swift in Sources */,
				2124DFA01A8DF48000422313 /* ViewController.swift in Sources */,
				C3B9F335224E385900ED6949 /* DefaultTargetType.swift in Sources */,
				214F4FF41BFDC2D90084BE32 /* Helpers.swift in Sources */,
				C3B9F32F224D38AE00ED6949 /* Services.swift in Sources */,
				C3B9F329224D322900ED6949 /* ExampleService.swift in Sources */,
				CB18CA31223109670027E905 /* UserDefaultsKeys.swift in Sources */,
				C3B9F32D224D377B00ED6949 /* DefaultExampleService.swift in Sources */,
				21DB301519DD2289003A418D /* AppDelegate.swift in Sources */,
				CB18CA3522310B0D0027E905 /* Fonts.swift in Sources */,
			);
			runOnlyForDeploymentPostprocessing = 0;
		};
		CB4EB17B222ED72B00FF2232 /* Sources */ = {
			isa = PBXSourcesBuildPhase;
			buildActionMask = 2147483647;
			files = (
				CB4EB182222ED72B00FF2232 /* Swift_BaseTests.swift in Sources */,
			);
			runOnlyForDeploymentPostprocessing = 0;
		};
		CB4EB18D222ED73C00FF2232 /* Sources */ = {
			isa = PBXSourcesBuildPhase;
			buildActionMask = 2147483647;
			files = (
				CB4EB194222ED73C00FF2232 /* Swift_BaseUITests.swift in Sources */,
			);
			runOnlyForDeploymentPostprocessing = 0;
		};
/* End PBXSourcesBuildPhase section */

/* Begin PBXTargetDependency section */
		CB4EB185222ED72B00FF2232 /* PBXTargetDependency */ = {
			isa = PBXTargetDependency;
			target = 21DB300E19DD2289003A418D /* Swift-Base */;
			targetProxy = CB4EB184222ED72B00FF2232 /* PBXContainerItemProxy */;
		};
		CB4EB197222ED73C00FF2232 /* PBXTargetDependency */ = {
			isa = PBXTargetDependency;
			target = 21DB300E19DD2289003A418D /* Swift-Base */;
			targetProxy = CB4EB196222ED73C00FF2232 /* PBXContainerItemProxy */;
		};
/* End PBXTargetDependency section */

/* Begin PBXVariantGroup section */
		218C64BD1BA07DDE00EEEDF1 /* Localizable.strings */ = {
			isa = PBXVariantGroup;
			children = (
				218C64C21BA07E1F00EEEDF1 /* Base */,
				218C64C31BA07E4300EEEDF1 /* ru */,
			);
			name = Localizable.strings;
			sourceTree = "<group>";
		};
		E7566DA11A1F85CB00DE3010 /* Main_Storyboard.storyboard */ = {
			isa = PBXVariantGroup;
			children = (
				E7566DA01A1F85CB00DE3010 /* Base */,
				218C64BB1BA07D3800EEEDF1 /* ru */,
			);
			name = Main_Storyboard.storyboard;
			sourceTree = "<group>";
		};
		E75BB8071E8CFEF90035C2DA /* Main_iPad.storyboard */ = {
			isa = PBXVariantGroup;
			children = (
				E75BB8061E8CFEF90035C2DA /* Base */,
				E75BB8091E8CFEFB0035C2DA /* ru */,
			);
			name = Main_iPad.storyboard;
			sourceTree = "<group>";
		};
/* End PBXVariantGroup section */

/* Begin XCBuildConfiguration section */
		212D01811BB1978500B34340 /* Test */ = {
			isa = XCBuildConfiguration;
			buildSettings = {
				ALWAYS_SEARCH_USER_PATHS = NO;
				API_VERSION = v1;
				CLANG_ANALYZER_LOCALIZABILITY_NONLOCALIZED = YES;
				CLANG_CXX_LANGUAGE_STANDARD = "gnu++0x";
				CLANG_CXX_LIBRARY = "libc++";
				CLANG_ENABLE_MODULES = YES;
				CLANG_ENABLE_OBJC_ARC = YES;
				CLANG_WARN_BLOCK_CAPTURE_AUTORELEASING = YES;
				CLANG_WARN_BOOL_CONVERSION = YES;
				CLANG_WARN_COMMA = YES;
				CLANG_WARN_CONSTANT_CONVERSION = YES;
				CLANG_WARN_DEPRECATED_OBJC_IMPLEMENTATIONS = YES;
				CLANG_WARN_DIRECT_OBJC_ISA_USAGE = YES_ERROR;
				CLANG_WARN_EMPTY_BODY = YES;
				CLANG_WARN_ENUM_CONVERSION = YES;
				CLANG_WARN_INFINITE_RECURSION = YES;
				CLANG_WARN_INT_CONVERSION = YES;
				CLANG_WARN_NON_LITERAL_NULL_CONVERSION = YES;
				CLANG_WARN_OBJC_IMPLICIT_RETAIN_SELF = YES;
				CLANG_WARN_OBJC_LITERAL_CONVERSION = YES;
				CLANG_WARN_OBJC_ROOT_CLASS = YES_ERROR;
				CLANG_WARN_RANGE_LOOP_ANALYSIS = YES;
				CLANG_WARN_STRICT_PROTOTYPES = YES;
				CLANG_WARN_SUSPICIOUS_MOVE = YES;
				CLANG_WARN_UNREACHABLE_CODE = YES;
				CLANG_WARN__DUPLICATE_METHOD_MATCH = YES;
				COPY_PHASE_STRIP = YES;
				ENABLE_NS_ASSERTIONS = NO;
				ENABLE_STRICT_OBJC_MSGSEND = YES;
				GCC_C_LANGUAGE_STANDARD = gnu99;
				GCC_NO_COMMON_BLOCKS = YES;
				GCC_WARN_64_TO_32_BIT_CONVERSION = YES;
				GCC_WARN_ABOUT_RETURN_TYPE = YES_ERROR;
				GCC_WARN_UNDECLARED_SELECTOR = YES;
				GCC_WARN_UNINITIALIZED_AUTOS = YES_AGGRESSIVE;
				GCC_WARN_UNUSED_FUNCTION = YES;
				GCC_WARN_UNUSED_VARIABLE = YES;
				IPHONEOS_DEPLOYMENT_TARGET = 11.0;
				MTL_ENABLE_DEBUG_INFO = NO;
				OTHER_SWIFT_FLAGS = "";
				SDKROOT = iphoneos;
				SWIFT_VERSION = 5.0;
				TARGETED_DEVICE_FAMILY = "1,2";
				URL_HOST = "https://apple.com";
				VALIDATE_PRODUCT = YES;
			};
			name = Test;
		};
		212D01821BB1978500B34340 /* Test */ = {
			isa = XCBuildConfiguration;
			baseConfigurationReference = DC4B5E47BC86CBB14A7CB50E /* Pods-Swift-Base.test.xcconfig */;
			buildSettings = {
				ASSETCATALOG_COMPILER_APPICON_NAME = AppIcon;
				BUNDLE_DISPLAY_NAME = "Swift-Base Staging";
				BUNDLE_ID = "com.flatstack.ios.Swift-Base.staging";
				CODE_SIGN_IDENTITY = "iPhone Developer: Christopher Schultz (Q5NM9YSVCD)";
				"CODE_SIGN_IDENTITY[sdk=iphoneos*]" = "iPhone Developer: Christopher Schultz (Q5NM9YSVCD)";
				DEVELOPMENT_TEAM = "";
				ENABLE_TESTABILITY = YES;
				FRAMEWORK_SEARCH_PATHS = "$(inherited)";
				GCC_OPTIMIZATION_LEVEL = 0;
				GCC_PREPROCESSOR_DEFINITIONS = "$(inherited)";
				INFOPLIST_FILE = "$(SRCROOT)/Swift-Base/Supporting Files/Info.plist";
				IPHONEOS_DEPLOYMENT_TARGET = 11.0;
				LD_RUNPATH_SEARCH_PATHS = (
					"$(inherited)",
					"@executable_path/Frameworks",
				);
				ONLY_ACTIVE_ARCH = YES;
				OTHER_LDFLAGS = "$(inherited)";
				OTHER_SWIFT_FLAGS = "$(inherited)";
				PRODUCT_BUNDLE_IDENTIFIER = "$(BUNDLE_ID)";
				PRODUCT_NAME = "Swift-Base";
				PROVISIONING_PROFILE = "6abf51a6-4557-4190-a61f-8517c7946ecf";
				SWIFT_INSTALL_OBJC_HEADER = YES;
				SWIFT_OBJC_BRIDGING_HEADER = "";
				SWIFT_OPTIMIZATION_LEVEL = "-Onone";
				SWIFT_SWIFT3_OBJC_INFERENCE = Default;
				SWIFT_VERSION = 5.0;
				TARGETED_DEVICE_FAMILY = 1;
			};
			name = Test;
		};
		21DB304C19DD3B30003A418D /* Release Staging */ = {
			isa = XCBuildConfiguration;
			buildSettings = {
				ALWAYS_SEARCH_USER_PATHS = NO;
				API_VERSION = v1;
				CLANG_ANALYZER_LOCALIZABILITY_NONLOCALIZED = YES;
				CLANG_CXX_LANGUAGE_STANDARD = "gnu++0x";
				CLANG_CXX_LIBRARY = "libc++";
				CLANG_ENABLE_MODULES = YES;
				CLANG_ENABLE_OBJC_ARC = YES;
				CLANG_WARN_BLOCK_CAPTURE_AUTORELEASING = YES;
				CLANG_WARN_BOOL_CONVERSION = YES;
				CLANG_WARN_COMMA = YES;
				CLANG_WARN_CONSTANT_CONVERSION = YES;
				CLANG_WARN_DEPRECATED_OBJC_IMPLEMENTATIONS = YES;
				CLANG_WARN_DIRECT_OBJC_ISA_USAGE = YES_ERROR;
				CLANG_WARN_EMPTY_BODY = YES;
				CLANG_WARN_ENUM_CONVERSION = YES;
				CLANG_WARN_INFINITE_RECURSION = YES;
				CLANG_WARN_INT_CONVERSION = YES;
				CLANG_WARN_NON_LITERAL_NULL_CONVERSION = YES;
				CLANG_WARN_OBJC_IMPLICIT_RETAIN_SELF = YES;
				CLANG_WARN_OBJC_LITERAL_CONVERSION = YES;
				CLANG_WARN_OBJC_ROOT_CLASS = YES_ERROR;
				CLANG_WARN_RANGE_LOOP_ANALYSIS = YES;
				CLANG_WARN_STRICT_PROTOTYPES = YES;
				CLANG_WARN_SUSPICIOUS_MOVE = YES;
				CLANG_WARN_UNREACHABLE_CODE = YES;
				CLANG_WARN__DUPLICATE_METHOD_MATCH = YES;
				COPY_PHASE_STRIP = YES;
				ENABLE_NS_ASSERTIONS = NO;
				ENABLE_STRICT_OBJC_MSGSEND = YES;
				GCC_C_LANGUAGE_STANDARD = gnu99;
				GCC_NO_COMMON_BLOCKS = YES;
				GCC_PREPROCESSOR_DEFINITIONS = "";
				GCC_WARN_64_TO_32_BIT_CONVERSION = YES;
				GCC_WARN_ABOUT_RETURN_TYPE = YES_ERROR;
				GCC_WARN_UNDECLARED_SELECTOR = YES;
				GCC_WARN_UNINITIALIZED_AUTOS = YES_AGGRESSIVE;
				GCC_WARN_UNUSED_FUNCTION = YES;
				GCC_WARN_UNUSED_VARIABLE = YES;
				IPHONEOS_DEPLOYMENT_TARGET = 11.0;
				MTL_ENABLE_DEBUG_INFO = NO;
				OTHER_SWIFT_FLAGS = "";
				SDKROOT = iphoneos;
				SWIFT_COMPILATION_MODE = wholemodule;
				SWIFT_OPTIMIZATION_LEVEL = "-O";
				SWIFT_VERSION = 5.0;
				TARGETED_DEVICE_FAMILY = "1,2";
				URL_HOST = "https://apple.com";
				VALIDATE_PRODUCT = YES;
			};
			name = "Release Staging";
		};
		21DB304D19DD3B30003A418D /* Release */ = {
			isa = XCBuildConfiguration;
			baseConfigurationReference = 791CDADA226760F71B49499D /* Pods-Swift-Base.release.xcconfig */;
			buildSettings = {
				ALWAYS_SEARCH_USER_PATHS = NO;
				API_VERSION = v1;
				CLANG_ANALYZER_LOCALIZABILITY_NONLOCALIZED = YES;
				CLANG_CXX_LANGUAGE_STANDARD = "gnu++0x";
				CLANG_CXX_LIBRARY = "libc++";
				CLANG_ENABLE_MODULES = YES;
				CLANG_ENABLE_OBJC_ARC = YES;
				CLANG_WARN_BLOCK_CAPTURE_AUTORELEASING = YES;
				CLANG_WARN_BOOL_CONVERSION = YES;
				CLANG_WARN_COMMA = YES;
				CLANG_WARN_CONSTANT_CONVERSION = YES;
				CLANG_WARN_DIRECT_OBJC_ISA_USAGE = YES_ERROR;
				CLANG_WARN_EMPTY_BODY = YES;
				CLANG_WARN_ENUM_CONVERSION = YES;
				CLANG_WARN_INFINITE_RECURSION = YES;
				CLANG_WARN_INT_CONVERSION = YES;
				CLANG_WARN_NON_LITERAL_NULL_CONVERSION = YES;
				CLANG_WARN_OBJC_LITERAL_CONVERSION = YES;
				CLANG_WARN_OBJC_ROOT_CLASS = YES_ERROR;
				CLANG_WARN_RANGE_LOOP_ANALYSIS = YES;
				CLANG_WARN_STRICT_PROTOTYPES = YES;
				CLANG_WARN_SUSPICIOUS_MOVE = YES;
				CLANG_WARN_UNREACHABLE_CODE = YES;
				CLANG_WARN__DUPLICATE_METHOD_MATCH = YES;
				"CODE_SIGN_IDENTITY[sdk=iphoneos*]" = "iPhone Developer";
				COPY_PHASE_STRIP = YES;
				ENABLE_NS_ASSERTIONS = NO;
				ENABLE_STRICT_OBJC_MSGSEND = YES;
				FRAMEWORK_SEARCH_PATHS = "$(inherited)";
				GCC_C_LANGUAGE_STANDARD = gnu99;
				GCC_NO_COMMON_BLOCKS = YES;
				GCC_WARN_64_TO_32_BIT_CONVERSION = YES;
				GCC_WARN_ABOUT_RETURN_TYPE = YES_ERROR;
				GCC_WARN_UNDECLARED_SELECTOR = YES;
				GCC_WARN_UNINITIALIZED_AUTOS = YES_AGGRESSIVE;
				GCC_WARN_UNUSED_FUNCTION = YES;
				GCC_WARN_UNUSED_VARIABLE = YES;
				INFOPLIST_FILE = "$(SRCROOT)/Swift-Base/Supporting Files/Info.plist";
				IPHONEOS_DEPLOYMENT_TARGET = 11.0;
				MTL_ENABLE_DEBUG_INFO = NO;
				OTHER_LDFLAGS = "$(inherited)";
				OTHER_SWIFT_FLAGS = "$(inherited)";
				SDKROOT = iphoneos;
				SWIFT_COMPILATION_MODE = wholemodule;
				SWIFT_OBJC_BRIDGING_HEADER = "";
				SWIFT_OPTIMIZATION_LEVEL = "-O";
				SWIFT_SWIFT3_OBJC_INFERENCE = Default;
				SWIFT_VERSION = 5.0;
				TARGETED_DEVICE_FAMILY = "1,2";
				URL_HOST = "https://apple.com";
				VALIDATE_PRODUCT = YES;
			};
			name = Release;
		};
		21DB304F19DD3B48003A418D /* Release */ = {
			isa = XCBuildConfiguration;
			buildSettings = {
				ALWAYS_EMBED_SWIFT_STANDARD_LIBRARIES = YES;
				ASSETCATALOG_COMPILER_APPICON_NAME = AppIcon;
				BUNDLE_DISPLAY_NAME = "Swift-Base";
				BUNDLE_ID = "com.flatstack.Swift-Base";
				CLANG_ANALYZER_LOCALIZABILITY_NONLOCALIZED = YES;
				CLANG_WARN_DEPRECATED_OBJC_IMPLEMENTATIONS = YES;
				CLANG_WARN_OBJC_IMPLICIT_RETAIN_SELF = YES;
				CODE_SIGN_IDENTITY = "iPhone Developer";
				"CODE_SIGN_IDENTITY[sdk=iphoneos*]" = "iPhone Distribution";
				FRAMEWORK_SEARCH_PATHS = (
					"$(inherited)",
					"$(PROJECT_DIR)",
					"$(DEVELOPER_FRAMEWORKS_DIR)",
				);
				GCC_PREPROCESSOR_DEFINITIONS = "$(inherited)";
				INFOPLIST_FILE = "Swift-Base/Info.plist";
				IPHONEOS_DEPLOYMENT_TARGET = 11.0;
				LD_RUNPATH_SEARCH_PATHS = (
					"$(inherited)",
					"@executable_path/Frameworks",
				);
				OTHER_LDFLAGS = (
					"$(inherited)",
					"-ObjC",
					"-framework",
					"\"QuartzCore\"",
				);
				OTHER_SWIFT_FLAGS = "$(inherited)";
				PRODUCT_BUNDLE_IDENTIFIER = "$(BUNDLE_ID)";
				PRODUCT_NAME = "Swift-Base";
				PROVISIONING_PROFILE = "";
				SWIFT_COMPILATION_MODE = wholemodule;
				SWIFT_INSTALL_OBJC_HEADER = YES;
				SWIFT_OPTIMIZATION_LEVEL = "-O";
				SWIFT_SWIFT3_OBJC_INFERENCE = On;
				SWIFT_VERSION = 5.0;
				TARGETED_DEVICE_FAMILY = 1;
			};
			name = Release;
		};
		21DB305019DD3B48003A418D /* Release Staging */ = {
			isa = XCBuildConfiguration;
			baseConfigurationReference = 6E7BAA57C604196285083A18 /* Pods-Swift-Base.release staging.xcconfig */;
			buildSettings = {
				ASSETCATALOG_COMPILER_APPICON_NAME = "AppIcon-Staging";
				BUNDLE_DISPLAY_NAME = "Swift-Base Staging";
				BUNDLE_ID = "com.flatstack.ios.Swift-Base.staging";
				CODE_SIGN_IDENTITY = "iPhone Distribution: FLATSTACK, LLC (Y49MTY8CU2)";
				"CODE_SIGN_IDENTITY[sdk=iphoneos*]" = "iPhone Distribution: FLATSTACK, LLC (Y49MTY8CU2)";
				DEVELOPMENT_TEAM = "";
				FRAMEWORK_SEARCH_PATHS = "$(inherited)";
				GCC_PREPROCESSOR_DEFINITIONS = "$(inherited)";
				INFOPLIST_FILE = "$(SRCROOT)/Swift-Base/Supporting Files/Info.plist";
				IPHONEOS_DEPLOYMENT_TARGET = 11.0;
				LD_RUNPATH_SEARCH_PATHS = (
					"$(inherited)",
					"@executable_path/Frameworks",
				);
				OTHER_LDFLAGS = "$(inherited)";
				OTHER_SWIFT_FLAGS = "$(inherited)";
				PRODUCT_BUNDLE_IDENTIFIER = "$(BUNDLE_ID)";
				PRODUCT_NAME = "Swift-Base";
				PROVISIONING_PROFILE = "1a9506f9-983f-4087-a07a-26355b883ef8";
				SWIFT_INSTALL_OBJC_HEADER = YES;
				SWIFT_OBJC_BRIDGING_HEADER = "";
				SWIFT_SWIFT3_OBJC_INFERENCE = Default;
				SWIFT_VERSION = 5.0;
				TARGETED_DEVICE_FAMILY = 1;
			};
			name = "Release Staging";
		};
		CB4EB177222ED12200FF2232 /* Debug Staging */ = {
			isa = XCBuildConfiguration;
			buildSettings = {
				ALWAYS_SEARCH_USER_PATHS = NO;
				API_VERSION = v1;
				CLANG_ANALYZER_LOCALIZABILITY_NONLOCALIZED = YES;
				CLANG_CXX_LANGUAGE_STANDARD = "gnu++0x";
				CLANG_CXX_LIBRARY = "libc++";
				CLANG_ENABLE_MODULES = YES;
				CLANG_ENABLE_OBJC_ARC = YES;
				CLANG_WARN_BLOCK_CAPTURE_AUTORELEASING = YES;
				CLANG_WARN_BOOL_CONVERSION = YES;
				CLANG_WARN_COMMA = YES;
				CLANG_WARN_CONSTANT_CONVERSION = YES;
				CLANG_WARN_DEPRECATED_OBJC_IMPLEMENTATIONS = YES;
				CLANG_WARN_DIRECT_OBJC_ISA_USAGE = YES_ERROR;
				CLANG_WARN_EMPTY_BODY = YES;
				CLANG_WARN_ENUM_CONVERSION = YES;
				CLANG_WARN_INFINITE_RECURSION = YES;
				CLANG_WARN_INT_CONVERSION = YES;
				CLANG_WARN_NON_LITERAL_NULL_CONVERSION = YES;
				CLANG_WARN_OBJC_IMPLICIT_RETAIN_SELF = YES;
				CLANG_WARN_OBJC_LITERAL_CONVERSION = YES;
				CLANG_WARN_OBJC_ROOT_CLASS = YES_ERROR;
				CLANG_WARN_RANGE_LOOP_ANALYSIS = YES;
				CLANG_WARN_STRICT_PROTOTYPES = YES;
				CLANG_WARN_SUSPICIOUS_MOVE = YES;
				CLANG_WARN_UNREACHABLE_CODE = YES;
				CLANG_WARN__DUPLICATE_METHOD_MATCH = YES;
				COPY_PHASE_STRIP = YES;
				ENABLE_NS_ASSERTIONS = NO;
				ENABLE_STRICT_OBJC_MSGSEND = YES;
				ENABLE_TESTABILITY = YES;
				GCC_C_LANGUAGE_STANDARD = gnu99;
				GCC_NO_COMMON_BLOCKS = YES;
				GCC_PREPROCESSOR_DEFINITIONS = "";
				GCC_WARN_64_TO_32_BIT_CONVERSION = YES;
				GCC_WARN_ABOUT_RETURN_TYPE = YES_ERROR;
				GCC_WARN_UNDECLARED_SELECTOR = YES;
				GCC_WARN_UNINITIALIZED_AUTOS = YES_AGGRESSIVE;
				GCC_WARN_UNUSED_FUNCTION = YES;
				GCC_WARN_UNUSED_VARIABLE = YES;
				IPHONEOS_DEPLOYMENT_TARGET = 11.0;
				MTL_ENABLE_DEBUG_INFO = NO;
				ONLY_ACTIVE_ARCH = YES;
				OTHER_SWIFT_FLAGS = "";
				SDKROOT = iphoneos;
				SWIFT_COMPILATION_MODE = wholemodule;
				SWIFT_OPTIMIZATION_LEVEL = "-O";
				SWIFT_VERSION = 5.0;
				TARGETED_DEVICE_FAMILY = "1,2";
				URL_HOST = "https://apple.com";
				VALIDATE_PRODUCT = YES;
			};
			name = "Debug Staging";
		};
		CB4EB178222ED12200FF2232 /* Debug Staging */ = {
			isa = XCBuildConfiguration;
			baseConfigurationReference = D94174684F8EC7156120E6AF /* Pods-Swift-Base.debug staging.xcconfig */;
			buildSettings = {
				ASSETCATALOG_COMPILER_APPICON_NAME = "AppIcon-Staging";
				BUNDLE_DISPLAY_NAME = "Swift-Base Staging";
				BUNDLE_ID = "com.flatstack.ios.Swift-Base.staging";
				CODE_SIGN_IDENTITY = "iPhone Distribution: FLATSTACK, LLC (Y49MTY8CU2)";
				"CODE_SIGN_IDENTITY[sdk=iphoneos*]" = "iPhone Distribution: FLATSTACK, LLC (Y49MTY8CU2)";
				DEVELOPMENT_TEAM = "";
				FRAMEWORK_SEARCH_PATHS = "$(inherited)";
				GCC_PREPROCESSOR_DEFINITIONS = "$(inherited)";
				INFOPLIST_FILE = "$(SRCROOT)/Swift-Base/Supporting Files/Info.plist";
				IPHONEOS_DEPLOYMENT_TARGET = 11.0;
				LD_RUNPATH_SEARCH_PATHS = (
					"$(inherited)",
					"@executable_path/Frameworks",
				);
				OTHER_LDFLAGS = "$(inherited)";
				OTHER_SWIFT_FLAGS = "$(inherited)";
				PRODUCT_BUNDLE_IDENTIFIER = "$(BUNDLE_ID)";
				PRODUCT_NAME = "Swift-Base";
				PROVISIONING_PROFILE = "1a9506f9-983f-4087-a07a-26355b883ef8";
				SWIFT_INSTALL_OBJC_HEADER = YES;
				SWIFT_OBJC_BRIDGING_HEADER = "";
				SWIFT_SWIFT3_OBJC_INFERENCE = Default;
				SWIFT_VERSION = 5.0;
				TARGETED_DEVICE_FAMILY = 1;
			};
			name = "Debug Staging";
		};
		CB4EB187222ED72B00FF2232 /* Release Staging */ = {
			isa = XCBuildConfiguration;
			baseConfigurationReference = D97C3F8992D1704C15ECDE40 /* Pods-Swift-BaseTests.release staging.xcconfig */;
			buildSettings = {
				ALWAYS_SEARCH_USER_PATHS = NO;
				BUNDLE_LOADER = "$(TEST_HOST)";
				CLANG_ANALYZER_NONNULL = YES;
				CLANG_ANALYZER_NUMBER_OBJECT_CONVERSION = YES_AGGRESSIVE;
				CLANG_CXX_LANGUAGE_STANDARD = "gnu++14";
				CLANG_CXX_LIBRARY = "libc++";
				CLANG_ENABLE_MODULES = YES;
				CLANG_ENABLE_OBJC_ARC = YES;
				CLANG_ENABLE_OBJC_WEAK = YES;
				CLANG_WARN_BLOCK_CAPTURE_AUTORELEASING = YES;
				CLANG_WARN_BOOL_CONVERSION = YES;
				CLANG_WARN_COMMA = YES;
				CLANG_WARN_CONSTANT_CONVERSION = YES;
				CLANG_WARN_DEPRECATED_OBJC_IMPLEMENTATIONS = YES;
				CLANG_WARN_DIRECT_OBJC_ISA_USAGE = YES_ERROR;
				CLANG_WARN_DOCUMENTATION_COMMENTS = YES;
				CLANG_WARN_EMPTY_BODY = YES;
				CLANG_WARN_ENUM_CONVERSION = YES;
				CLANG_WARN_INFINITE_RECURSION = YES;
				CLANG_WARN_INT_CONVERSION = YES;
				CLANG_WARN_NON_LITERAL_NULL_CONVERSION = YES;
				CLANG_WARN_OBJC_IMPLICIT_RETAIN_SELF = YES;
				CLANG_WARN_OBJC_LITERAL_CONVERSION = YES;
				CLANG_WARN_OBJC_ROOT_CLASS = YES_ERROR;
				CLANG_WARN_RANGE_LOOP_ANALYSIS = YES;
				CLANG_WARN_STRICT_PROTOTYPES = YES;
				CLANG_WARN_SUSPICIOUS_MOVE = YES;
				CLANG_WARN_UNGUARDED_AVAILABILITY = YES_AGGRESSIVE;
				CLANG_WARN_UNREACHABLE_CODE = YES;
				CLANG_WARN__DUPLICATE_METHOD_MATCH = YES;
				CODE_SIGN_STYLE = Automatic;
				COPY_PHASE_STRIP = NO;
				DEBUG_INFORMATION_FORMAT = "dwarf-with-dsym";
				ENABLE_NS_ASSERTIONS = NO;
				ENABLE_STRICT_OBJC_MSGSEND = YES;
				GCC_C_LANGUAGE_STANDARD = gnu11;
				GCC_NO_COMMON_BLOCKS = YES;
				GCC_WARN_64_TO_32_BIT_CONVERSION = YES;
				GCC_WARN_ABOUT_RETURN_TYPE = YES_ERROR;
				GCC_WARN_UNDECLARED_SELECTOR = YES;
				GCC_WARN_UNINITIALIZED_AUTOS = YES_AGGRESSIVE;
				GCC_WARN_UNUSED_FUNCTION = YES;
				GCC_WARN_UNUSED_VARIABLE = YES;
				INFOPLIST_FILE = "Swift-BaseTests/Info.plist";
				IPHONEOS_DEPLOYMENT_TARGET = 12.1;
				LD_RUNPATH_SEARCH_PATHS = (
					"$(inherited)",
					"@executable_path/Frameworks",
					"@loader_path/Frameworks",
				);
				MTL_ENABLE_DEBUG_INFO = NO;
				MTL_FAST_MATH = YES;
				PRODUCT_BUNDLE_IDENTIFIER = "com.flatstack.Swift-BaseTests";
				PRODUCT_NAME = "$(TARGET_NAME)";
				SDKROOT = iphoneos;
				SWIFT_VERSION = 5.0;
				TARGETED_DEVICE_FAMILY = "1,2";
				TEST_HOST = "$(BUILT_PRODUCTS_DIR)/Swift-Base.app/Swift-Base";
				VALIDATE_PRODUCT = YES;
			};
			name = "Release Staging";
		};
		CB4EB188222ED72B00FF2232 /* Debug Staging */ = {
			isa = XCBuildConfiguration;
			baseConfigurationReference = 603488A1F6209B3FC0730E39 /* Pods-Swift-BaseTests.debug staging.xcconfig */;
			buildSettings = {
				ALWAYS_SEARCH_USER_PATHS = NO;
				BUNDLE_LOADER = "$(TEST_HOST)";
				CLANG_ANALYZER_NONNULL = YES;
				CLANG_ANALYZER_NUMBER_OBJECT_CONVERSION = YES_AGGRESSIVE;
				CLANG_CXX_LANGUAGE_STANDARD = "gnu++14";
				CLANG_CXX_LIBRARY = "libc++";
				CLANG_ENABLE_MODULES = YES;
				CLANG_ENABLE_OBJC_ARC = YES;
				CLANG_ENABLE_OBJC_WEAK = YES;
				CLANG_WARN_BLOCK_CAPTURE_AUTORELEASING = YES;
				CLANG_WARN_BOOL_CONVERSION = YES;
				CLANG_WARN_COMMA = YES;
				CLANG_WARN_CONSTANT_CONVERSION = YES;
				CLANG_WARN_DEPRECATED_OBJC_IMPLEMENTATIONS = YES;
				CLANG_WARN_DIRECT_OBJC_ISA_USAGE = YES_ERROR;
				CLANG_WARN_DOCUMENTATION_COMMENTS = YES;
				CLANG_WARN_EMPTY_BODY = YES;
				CLANG_WARN_ENUM_CONVERSION = YES;
				CLANG_WARN_INFINITE_RECURSION = YES;
				CLANG_WARN_INT_CONVERSION = YES;
				CLANG_WARN_NON_LITERAL_NULL_CONVERSION = YES;
				CLANG_WARN_OBJC_IMPLICIT_RETAIN_SELF = YES;
				CLANG_WARN_OBJC_LITERAL_CONVERSION = YES;
				CLANG_WARN_OBJC_ROOT_CLASS = YES_ERROR;
				CLANG_WARN_RANGE_LOOP_ANALYSIS = YES;
				CLANG_WARN_STRICT_PROTOTYPES = YES;
				CLANG_WARN_SUSPICIOUS_MOVE = YES;
				CLANG_WARN_UNGUARDED_AVAILABILITY = YES_AGGRESSIVE;
				CLANG_WARN_UNREACHABLE_CODE = YES;
				CLANG_WARN__DUPLICATE_METHOD_MATCH = YES;
				CODE_SIGN_IDENTITY = "iPhone Developer";
				CODE_SIGN_STYLE = Automatic;
				COPY_PHASE_STRIP = NO;
				DEBUG_INFORMATION_FORMAT = dwarf;
				ENABLE_STRICT_OBJC_MSGSEND = YES;
				ENABLE_TESTABILITY = YES;
				GCC_C_LANGUAGE_STANDARD = gnu11;
				GCC_DYNAMIC_NO_PIC = NO;
				GCC_NO_COMMON_BLOCKS = YES;
				GCC_OPTIMIZATION_LEVEL = 0;
				GCC_PREPROCESSOR_DEFINITIONS = (
					"DEBUG=1",
					"$(inherited)",
				);
				GCC_WARN_64_TO_32_BIT_CONVERSION = YES;
				GCC_WARN_ABOUT_RETURN_TYPE = YES_ERROR;
				GCC_WARN_UNDECLARED_SELECTOR = YES;
				GCC_WARN_UNINITIALIZED_AUTOS = YES_AGGRESSIVE;
				GCC_WARN_UNUSED_FUNCTION = YES;
				GCC_WARN_UNUSED_VARIABLE = YES;
				INFOPLIST_FILE = "Swift-BaseTests/Info.plist";
				IPHONEOS_DEPLOYMENT_TARGET = 12.1;
				LD_RUNPATH_SEARCH_PATHS = (
					"$(inherited)",
					"@executable_path/Frameworks",
					"@loader_path/Frameworks",
				);
				MTL_ENABLE_DEBUG_INFO = INCLUDE_SOURCE;
				MTL_FAST_MATH = YES;
				ONLY_ACTIVE_ARCH = YES;
				PRODUCT_BUNDLE_IDENTIFIER = "com.flatstack.Swift-BaseTests";
				PRODUCT_NAME = "$(TARGET_NAME)";
				SDKROOT = iphoneos;
				SWIFT_ACTIVE_COMPILATION_CONDITIONS = DEBUG;
				SWIFT_OPTIMIZATION_LEVEL = "-Onone";
				SWIFT_VERSION = 5.0;
				TARGETED_DEVICE_FAMILY = "1,2";
				TEST_HOST = "$(BUILT_PRODUCTS_DIR)/Swift-Base.app/Swift-Base";
			};
			name = "Debug Staging";
		};
		CB4EB189222ED72B00FF2232 /* Test */ = {
			isa = XCBuildConfiguration;
			baseConfigurationReference = 64D27B4164BEF7EB6D4FC90C /* Pods-Swift-BaseTests.test.xcconfig */;
			buildSettings = {
				ALWAYS_SEARCH_USER_PATHS = NO;
				BUNDLE_LOADER = "$(TEST_HOST)";
				CLANG_ANALYZER_NONNULL = YES;
				CLANG_ANALYZER_NUMBER_OBJECT_CONVERSION = YES_AGGRESSIVE;
				CLANG_CXX_LANGUAGE_STANDARD = "gnu++14";
				CLANG_CXX_LIBRARY = "libc++";
				CLANG_ENABLE_MODULES = YES;
				CLANG_ENABLE_OBJC_ARC = YES;
				CLANG_ENABLE_OBJC_WEAK = YES;
				CLANG_WARN_BLOCK_CAPTURE_AUTORELEASING = YES;
				CLANG_WARN_BOOL_CONVERSION = YES;
				CLANG_WARN_COMMA = YES;
				CLANG_WARN_CONSTANT_CONVERSION = YES;
				CLANG_WARN_DEPRECATED_OBJC_IMPLEMENTATIONS = YES;
				CLANG_WARN_DIRECT_OBJC_ISA_USAGE = YES_ERROR;
				CLANG_WARN_DOCUMENTATION_COMMENTS = YES;
				CLANG_WARN_EMPTY_BODY = YES;
				CLANG_WARN_ENUM_CONVERSION = YES;
				CLANG_WARN_INFINITE_RECURSION = YES;
				CLANG_WARN_INT_CONVERSION = YES;
				CLANG_WARN_NON_LITERAL_NULL_CONVERSION = YES;
				CLANG_WARN_OBJC_IMPLICIT_RETAIN_SELF = YES;
				CLANG_WARN_OBJC_LITERAL_CONVERSION = YES;
				CLANG_WARN_OBJC_ROOT_CLASS = YES_ERROR;
				CLANG_WARN_RANGE_LOOP_ANALYSIS = YES;
				CLANG_WARN_STRICT_PROTOTYPES = YES;
				CLANG_WARN_SUSPICIOUS_MOVE = YES;
				CLANG_WARN_UNGUARDED_AVAILABILITY = YES_AGGRESSIVE;
				CLANG_WARN_UNREACHABLE_CODE = YES;
				CLANG_WARN__DUPLICATE_METHOD_MATCH = YES;
				CODE_SIGN_STYLE = Automatic;
				COPY_PHASE_STRIP = NO;
				DEBUG_INFORMATION_FORMAT = "dwarf-with-dsym";
				ENABLE_NS_ASSERTIONS = NO;
				ENABLE_STRICT_OBJC_MSGSEND = YES;
				GCC_C_LANGUAGE_STANDARD = gnu11;
				GCC_NO_COMMON_BLOCKS = YES;
				GCC_WARN_64_TO_32_BIT_CONVERSION = YES;
				GCC_WARN_ABOUT_RETURN_TYPE = YES_ERROR;
				GCC_WARN_UNDECLARED_SELECTOR = YES;
				GCC_WARN_UNINITIALIZED_AUTOS = YES_AGGRESSIVE;
				GCC_WARN_UNUSED_FUNCTION = YES;
				GCC_WARN_UNUSED_VARIABLE = YES;
				INFOPLIST_FILE = "Swift-BaseTests/Info.plist";
				IPHONEOS_DEPLOYMENT_TARGET = 12.1;
				LD_RUNPATH_SEARCH_PATHS = (
					"$(inherited)",
					"@executable_path/Frameworks",
					"@loader_path/Frameworks",
				);
				MTL_ENABLE_DEBUG_INFO = NO;
				MTL_FAST_MATH = YES;
				PRODUCT_BUNDLE_IDENTIFIER = "com.flatstack.Swift-BaseTests";
				PRODUCT_NAME = "$(TARGET_NAME)";
				SDKROOT = iphoneos;
				SWIFT_VERSION = 5.0;
				TARGETED_DEVICE_FAMILY = "1,2";
				TEST_HOST = "$(BUILT_PRODUCTS_DIR)/Swift-Base.app/Swift-Base";
				VALIDATE_PRODUCT = YES;
			};
			name = Test;
		};
		CB4EB18A222ED72B00FF2232 /* AppStore */ = {
			isa = XCBuildConfiguration;
			baseConfigurationReference = A51A59DCD384CAF58B2961A7 /* Pods-Swift-BaseTests.appstore.xcconfig */;
			buildSettings = {
				ALWAYS_SEARCH_USER_PATHS = NO;
				BUNDLE_LOADER = "$(TEST_HOST)";
				CLANG_ANALYZER_NONNULL = YES;
				CLANG_ANALYZER_NUMBER_OBJECT_CONVERSION = YES_AGGRESSIVE;
				CLANG_CXX_LANGUAGE_STANDARD = "gnu++14";
				CLANG_CXX_LIBRARY = "libc++";
				CLANG_ENABLE_MODULES = YES;
				CLANG_ENABLE_OBJC_ARC = YES;
				CLANG_ENABLE_OBJC_WEAK = YES;
				CLANG_WARN_BLOCK_CAPTURE_AUTORELEASING = YES;
				CLANG_WARN_BOOL_CONVERSION = YES;
				CLANG_WARN_COMMA = YES;
				CLANG_WARN_CONSTANT_CONVERSION = YES;
				CLANG_WARN_DEPRECATED_OBJC_IMPLEMENTATIONS = YES;
				CLANG_WARN_DIRECT_OBJC_ISA_USAGE = YES_ERROR;
				CLANG_WARN_DOCUMENTATION_COMMENTS = YES;
				CLANG_WARN_EMPTY_BODY = YES;
				CLANG_WARN_ENUM_CONVERSION = YES;
				CLANG_WARN_INFINITE_RECURSION = YES;
				CLANG_WARN_INT_CONVERSION = YES;
				CLANG_WARN_NON_LITERAL_NULL_CONVERSION = YES;
				CLANG_WARN_OBJC_IMPLICIT_RETAIN_SELF = YES;
				CLANG_WARN_OBJC_LITERAL_CONVERSION = YES;
				CLANG_WARN_OBJC_ROOT_CLASS = YES_ERROR;
				CLANG_WARN_RANGE_LOOP_ANALYSIS = YES;
				CLANG_WARN_STRICT_PROTOTYPES = YES;
				CLANG_WARN_SUSPICIOUS_MOVE = YES;
				CLANG_WARN_UNGUARDED_AVAILABILITY = YES_AGGRESSIVE;
				CLANG_WARN_UNREACHABLE_CODE = YES;
				CLANG_WARN__DUPLICATE_METHOD_MATCH = YES;
				CODE_SIGN_STYLE = Automatic;
				COPY_PHASE_STRIP = NO;
				DEBUG_INFORMATION_FORMAT = "dwarf-with-dsym";
				ENABLE_NS_ASSERTIONS = NO;
				ENABLE_STRICT_OBJC_MSGSEND = YES;
				GCC_C_LANGUAGE_STANDARD = gnu11;
				GCC_NO_COMMON_BLOCKS = YES;
				GCC_WARN_64_TO_32_BIT_CONVERSION = YES;
				GCC_WARN_ABOUT_RETURN_TYPE = YES_ERROR;
				GCC_WARN_UNDECLARED_SELECTOR = YES;
				GCC_WARN_UNINITIALIZED_AUTOS = YES_AGGRESSIVE;
				GCC_WARN_UNUSED_FUNCTION = YES;
				GCC_WARN_UNUSED_VARIABLE = YES;
				INFOPLIST_FILE = "Swift-BaseTests/Info.plist";
				IPHONEOS_DEPLOYMENT_TARGET = 12.1;
				LD_RUNPATH_SEARCH_PATHS = (
					"$(inherited)",
					"@executable_path/Frameworks",
					"@loader_path/Frameworks",
				);
				MTL_ENABLE_DEBUG_INFO = NO;
				MTL_FAST_MATH = YES;
				PRODUCT_BUNDLE_IDENTIFIER = "com.flatstack.Swift-BaseTests";
				PRODUCT_NAME = "$(TARGET_NAME)";
				SDKROOT = iphoneos;
				SWIFT_VERSION = 5.0;
				TARGETED_DEVICE_FAMILY = "1,2";
				TEST_HOST = "$(BUILT_PRODUCTS_DIR)/Swift-Base.app/Swift-Base";
				VALIDATE_PRODUCT = YES;
			};
			name = AppStore;
		};
		CB4EB18B222ED72B00FF2232 /* Release */ = {
			isa = XCBuildConfiguration;
			baseConfigurationReference = BFB5164643740790B3D625C6 /* Pods-Swift-BaseTests.release.xcconfig */;
			buildSettings = {
				ALWAYS_SEARCH_USER_PATHS = NO;
				BUNDLE_LOADER = "$(TEST_HOST)";
				CLANG_ANALYZER_NONNULL = YES;
				CLANG_ANALYZER_NUMBER_OBJECT_CONVERSION = YES_AGGRESSIVE;
				CLANG_CXX_LANGUAGE_STANDARD = "gnu++14";
				CLANG_CXX_LIBRARY = "libc++";
				CLANG_ENABLE_MODULES = YES;
				CLANG_ENABLE_OBJC_ARC = YES;
				CLANG_ENABLE_OBJC_WEAK = YES;
				CLANG_WARN_BLOCK_CAPTURE_AUTORELEASING = YES;
				CLANG_WARN_BOOL_CONVERSION = YES;
				CLANG_WARN_COMMA = YES;
				CLANG_WARN_CONSTANT_CONVERSION = YES;
				CLANG_WARN_DEPRECATED_OBJC_IMPLEMENTATIONS = YES;
				CLANG_WARN_DIRECT_OBJC_ISA_USAGE = YES_ERROR;
				CLANG_WARN_DOCUMENTATION_COMMENTS = YES;
				CLANG_WARN_EMPTY_BODY = YES;
				CLANG_WARN_ENUM_CONVERSION = YES;
				CLANG_WARN_INFINITE_RECURSION = YES;
				CLANG_WARN_INT_CONVERSION = YES;
				CLANG_WARN_NON_LITERAL_NULL_CONVERSION = YES;
				CLANG_WARN_OBJC_IMPLICIT_RETAIN_SELF = YES;
				CLANG_WARN_OBJC_LITERAL_CONVERSION = YES;
				CLANG_WARN_OBJC_ROOT_CLASS = YES_ERROR;
				CLANG_WARN_RANGE_LOOP_ANALYSIS = YES;
				CLANG_WARN_STRICT_PROTOTYPES = YES;
				CLANG_WARN_SUSPICIOUS_MOVE = YES;
				CLANG_WARN_UNGUARDED_AVAILABILITY = YES_AGGRESSIVE;
				CLANG_WARN_UNREACHABLE_CODE = YES;
				CLANG_WARN__DUPLICATE_METHOD_MATCH = YES;
				CODE_SIGN_STYLE = Automatic;
				COPY_PHASE_STRIP = NO;
				DEBUG_INFORMATION_FORMAT = "dwarf-with-dsym";
				ENABLE_NS_ASSERTIONS = NO;
				ENABLE_STRICT_OBJC_MSGSEND = YES;
				GCC_C_LANGUAGE_STANDARD = gnu11;
				GCC_NO_COMMON_BLOCKS = YES;
				GCC_WARN_64_TO_32_BIT_CONVERSION = YES;
				GCC_WARN_ABOUT_RETURN_TYPE = YES_ERROR;
				GCC_WARN_UNDECLARED_SELECTOR = YES;
				GCC_WARN_UNINITIALIZED_AUTOS = YES_AGGRESSIVE;
				GCC_WARN_UNUSED_FUNCTION = YES;
				GCC_WARN_UNUSED_VARIABLE = YES;
				INFOPLIST_FILE = "Swift-BaseTests/Info.plist";
				IPHONEOS_DEPLOYMENT_TARGET = 12.1;
				LD_RUNPATH_SEARCH_PATHS = (
					"$(inherited)",
					"@executable_path/Frameworks",
					"@loader_path/Frameworks",
				);
				MTL_ENABLE_DEBUG_INFO = NO;
				MTL_FAST_MATH = YES;
				PRODUCT_BUNDLE_IDENTIFIER = "com.flatstack.Swift-BaseTests";
				PRODUCT_NAME = "$(TARGET_NAME)";
				SDKROOT = iphoneos;
				SWIFT_VERSION = 5.0;
				TARGETED_DEVICE_FAMILY = "1,2";
				TEST_HOST = "$(BUILT_PRODUCTS_DIR)/Swift-Base.app/Swift-Base";
				VALIDATE_PRODUCT = YES;
			};
			name = Release;
		};
		CB4EB18C222ED72B00FF2232 /* AppStore Staging */ = {
			isa = XCBuildConfiguration;
			baseConfigurationReference = 4FDB0559A20956E2F804BCC5 /* Pods-Swift-BaseTests.appstore staging.xcconfig */;
			buildSettings = {
				ALWAYS_SEARCH_USER_PATHS = NO;
				BUNDLE_LOADER = "$(TEST_HOST)";
				CLANG_ANALYZER_NONNULL = YES;
				CLANG_ANALYZER_NUMBER_OBJECT_CONVERSION = YES_AGGRESSIVE;
				CLANG_CXX_LANGUAGE_STANDARD = "gnu++14";
				CLANG_CXX_LIBRARY = "libc++";
				CLANG_ENABLE_MODULES = YES;
				CLANG_ENABLE_OBJC_ARC = YES;
				CLANG_ENABLE_OBJC_WEAK = YES;
				CLANG_WARN_BLOCK_CAPTURE_AUTORELEASING = YES;
				CLANG_WARN_BOOL_CONVERSION = YES;
				CLANG_WARN_COMMA = YES;
				CLANG_WARN_CONSTANT_CONVERSION = YES;
				CLANG_WARN_DEPRECATED_OBJC_IMPLEMENTATIONS = YES;
				CLANG_WARN_DIRECT_OBJC_ISA_USAGE = YES_ERROR;
				CLANG_WARN_DOCUMENTATION_COMMENTS = YES;
				CLANG_WARN_EMPTY_BODY = YES;
				CLANG_WARN_ENUM_CONVERSION = YES;
				CLANG_WARN_INFINITE_RECURSION = YES;
				CLANG_WARN_INT_CONVERSION = YES;
				CLANG_WARN_NON_LITERAL_NULL_CONVERSION = YES;
				CLANG_WARN_OBJC_IMPLICIT_RETAIN_SELF = YES;
				CLANG_WARN_OBJC_LITERAL_CONVERSION = YES;
				CLANG_WARN_OBJC_ROOT_CLASS = YES_ERROR;
				CLANG_WARN_RANGE_LOOP_ANALYSIS = YES;
				CLANG_WARN_STRICT_PROTOTYPES = YES;
				CLANG_WARN_SUSPICIOUS_MOVE = YES;
				CLANG_WARN_UNGUARDED_AVAILABILITY = YES_AGGRESSIVE;
				CLANG_WARN_UNREACHABLE_CODE = YES;
				CLANG_WARN__DUPLICATE_METHOD_MATCH = YES;
				CODE_SIGN_STYLE = Automatic;
				COPY_PHASE_STRIP = NO;
				DEBUG_INFORMATION_FORMAT = "dwarf-with-dsym";
				ENABLE_NS_ASSERTIONS = NO;
				ENABLE_STRICT_OBJC_MSGSEND = YES;
				GCC_C_LANGUAGE_STANDARD = gnu11;
				GCC_NO_COMMON_BLOCKS = YES;
				GCC_WARN_64_TO_32_BIT_CONVERSION = YES;
				GCC_WARN_ABOUT_RETURN_TYPE = YES_ERROR;
				GCC_WARN_UNDECLARED_SELECTOR = YES;
				GCC_WARN_UNINITIALIZED_AUTOS = YES_AGGRESSIVE;
				GCC_WARN_UNUSED_FUNCTION = YES;
				GCC_WARN_UNUSED_VARIABLE = YES;
				INFOPLIST_FILE = "Swift-BaseTests/Info.plist";
				IPHONEOS_DEPLOYMENT_TARGET = 12.1;
				LD_RUNPATH_SEARCH_PATHS = (
					"$(inherited)",
					"@executable_path/Frameworks",
					"@loader_path/Frameworks",
				);
				MTL_ENABLE_DEBUG_INFO = NO;
				MTL_FAST_MATH = YES;
				PRODUCT_BUNDLE_IDENTIFIER = "com.flatstack.Swift-BaseTests";
				PRODUCT_NAME = "$(TARGET_NAME)";
				SDKROOT = iphoneos;
				SWIFT_VERSION = 5.0;
				TARGETED_DEVICE_FAMILY = "1,2";
				TEST_HOST = "$(BUILT_PRODUCTS_DIR)/Swift-Base.app/Swift-Base";
				VALIDATE_PRODUCT = YES;
			};
			name = "AppStore Staging";
		};
		CB4EB199222ED73C00FF2232 /* Release Staging */ = {
			isa = XCBuildConfiguration;
			baseConfigurationReference = C9C7DACE6AD96D0A52AFBF85 /* Pods-Swift-BaseUITests.release staging.xcconfig */;
			buildSettings = {
				ALWAYS_SEARCH_USER_PATHS = NO;
				CLANG_ANALYZER_NONNULL = YES;
				CLANG_ANALYZER_NUMBER_OBJECT_CONVERSION = YES_AGGRESSIVE;
				CLANG_CXX_LANGUAGE_STANDARD = "gnu++14";
				CLANG_CXX_LIBRARY = "libc++";
				CLANG_ENABLE_MODULES = YES;
				CLANG_ENABLE_OBJC_ARC = YES;
				CLANG_ENABLE_OBJC_WEAK = YES;
				CLANG_WARN_BLOCK_CAPTURE_AUTORELEASING = YES;
				CLANG_WARN_BOOL_CONVERSION = YES;
				CLANG_WARN_COMMA = YES;
				CLANG_WARN_CONSTANT_CONVERSION = YES;
				CLANG_WARN_DEPRECATED_OBJC_IMPLEMENTATIONS = YES;
				CLANG_WARN_DIRECT_OBJC_ISA_USAGE = YES_ERROR;
				CLANG_WARN_DOCUMENTATION_COMMENTS = YES;
				CLANG_WARN_EMPTY_BODY = YES;
				CLANG_WARN_ENUM_CONVERSION = YES;
				CLANG_WARN_INFINITE_RECURSION = YES;
				CLANG_WARN_INT_CONVERSION = YES;
				CLANG_WARN_NON_LITERAL_NULL_CONVERSION = YES;
				CLANG_WARN_OBJC_IMPLICIT_RETAIN_SELF = YES;
				CLANG_WARN_OBJC_LITERAL_CONVERSION = YES;
				CLANG_WARN_OBJC_ROOT_CLASS = YES_ERROR;
				CLANG_WARN_RANGE_LOOP_ANALYSIS = YES;
				CLANG_WARN_STRICT_PROTOTYPES = YES;
				CLANG_WARN_SUSPICIOUS_MOVE = YES;
				CLANG_WARN_UNGUARDED_AVAILABILITY = YES_AGGRESSIVE;
				CLANG_WARN_UNREACHABLE_CODE = YES;
				CLANG_WARN__DUPLICATE_METHOD_MATCH = YES;
				CODE_SIGN_STYLE = Automatic;
				COPY_PHASE_STRIP = NO;
				DEBUG_INFORMATION_FORMAT = "dwarf-with-dsym";
				ENABLE_NS_ASSERTIONS = NO;
				ENABLE_STRICT_OBJC_MSGSEND = YES;
				GCC_C_LANGUAGE_STANDARD = gnu11;
				GCC_NO_COMMON_BLOCKS = YES;
				GCC_WARN_64_TO_32_BIT_CONVERSION = YES;
				GCC_WARN_ABOUT_RETURN_TYPE = YES_ERROR;
				GCC_WARN_UNDECLARED_SELECTOR = YES;
				GCC_WARN_UNINITIALIZED_AUTOS = YES_AGGRESSIVE;
				GCC_WARN_UNUSED_FUNCTION = YES;
				GCC_WARN_UNUSED_VARIABLE = YES;
				INFOPLIST_FILE = "Swift-BaseUITests/Info.plist";
				IPHONEOS_DEPLOYMENT_TARGET = 12.1;
				LD_RUNPATH_SEARCH_PATHS = (
					"$(inherited)",
					"@executable_path/Frameworks",
					"@loader_path/Frameworks",
				);
				MTL_ENABLE_DEBUG_INFO = NO;
				MTL_FAST_MATH = YES;
				PRODUCT_BUNDLE_IDENTIFIER = "com.flatstack.Swift-BaseUITests";
				PRODUCT_NAME = "$(TARGET_NAME)";
				PROVISIONING_PROFILE = "1a9506f9-983f-4087-a07a-26355b883ef8";
				SDKROOT = iphoneos;
				SWIFT_VERSION = 5.0;
				TARGETED_DEVICE_FAMILY = "1,2";
				TEST_TARGET_NAME = "Swift-Base";
				VALIDATE_PRODUCT = YES;
			};
			name = "Release Staging";
		};
		CB4EB19A222ED73C00FF2232 /* Debug Staging */ = {
			isa = XCBuildConfiguration;
			baseConfigurationReference = 2A1AE1E36ED34DE9B1144BB3 /* Pods-Swift-BaseUITests.debug staging.xcconfig */;
			buildSettings = {
				ALWAYS_SEARCH_USER_PATHS = NO;
				CLANG_ANALYZER_NONNULL = YES;
				CLANG_ANALYZER_NUMBER_OBJECT_CONVERSION = YES_AGGRESSIVE;
				CLANG_CXX_LANGUAGE_STANDARD = "gnu++14";
				CLANG_CXX_LIBRARY = "libc++";
				CLANG_ENABLE_MODULES = YES;
				CLANG_ENABLE_OBJC_ARC = YES;
				CLANG_ENABLE_OBJC_WEAK = YES;
				CLANG_WARN_BLOCK_CAPTURE_AUTORELEASING = YES;
				CLANG_WARN_BOOL_CONVERSION = YES;
				CLANG_WARN_COMMA = YES;
				CLANG_WARN_CONSTANT_CONVERSION = YES;
				CLANG_WARN_DEPRECATED_OBJC_IMPLEMENTATIONS = YES;
				CLANG_WARN_DIRECT_OBJC_ISA_USAGE = YES_ERROR;
				CLANG_WARN_DOCUMENTATION_COMMENTS = YES;
				CLANG_WARN_EMPTY_BODY = YES;
				CLANG_WARN_ENUM_CONVERSION = YES;
				CLANG_WARN_INFINITE_RECURSION = YES;
				CLANG_WARN_INT_CONVERSION = YES;
				CLANG_WARN_NON_LITERAL_NULL_CONVERSION = YES;
				CLANG_WARN_OBJC_IMPLICIT_RETAIN_SELF = YES;
				CLANG_WARN_OBJC_LITERAL_CONVERSION = YES;
				CLANG_WARN_OBJC_ROOT_CLASS = YES_ERROR;
				CLANG_WARN_RANGE_LOOP_ANALYSIS = YES;
				CLANG_WARN_STRICT_PROTOTYPES = YES;
				CLANG_WARN_SUSPICIOUS_MOVE = YES;
				CLANG_WARN_UNGUARDED_AVAILABILITY = YES_AGGRESSIVE;
				CLANG_WARN_UNREACHABLE_CODE = YES;
				CLANG_WARN__DUPLICATE_METHOD_MATCH = YES;
				CODE_SIGN_IDENTITY = "iPhone Developer";
				CODE_SIGN_STYLE = Automatic;
				COPY_PHASE_STRIP = NO;
				DEBUG_INFORMATION_FORMAT = dwarf;
				ENABLE_STRICT_OBJC_MSGSEND = YES;
				ENABLE_TESTABILITY = YES;
				GCC_C_LANGUAGE_STANDARD = gnu11;
				GCC_DYNAMIC_NO_PIC = NO;
				GCC_NO_COMMON_BLOCKS = YES;
				GCC_OPTIMIZATION_LEVEL = 0;
				GCC_PREPROCESSOR_DEFINITIONS = (
					"DEBUG=1",
					"$(inherited)",
				);
				GCC_WARN_64_TO_32_BIT_CONVERSION = YES;
				GCC_WARN_ABOUT_RETURN_TYPE = YES_ERROR;
				GCC_WARN_UNDECLARED_SELECTOR = YES;
				GCC_WARN_UNINITIALIZED_AUTOS = YES_AGGRESSIVE;
				GCC_WARN_UNUSED_FUNCTION = YES;
				GCC_WARN_UNUSED_VARIABLE = YES;
				INFOPLIST_FILE = "Swift-BaseUITests/Info.plist";
				IPHONEOS_DEPLOYMENT_TARGET = 12.1;
				LD_RUNPATH_SEARCH_PATHS = (
					"$(inherited)",
					"@executable_path/Frameworks",
					"@loader_path/Frameworks",
				);
				MTL_ENABLE_DEBUG_INFO = INCLUDE_SOURCE;
				MTL_FAST_MATH = YES;
				ONLY_ACTIVE_ARCH = YES;
				PRODUCT_BUNDLE_IDENTIFIER = "com.flatstack.Swift-BaseUITests";
				PRODUCT_NAME = "$(TARGET_NAME)";
				PROVISIONING_PROFILE = "1a9506f9-983f-4087-a07a-26355b883ef8";
				SDKROOT = iphoneos;
				SWIFT_ACTIVE_COMPILATION_CONDITIONS = DEBUG;
				SWIFT_OPTIMIZATION_LEVEL = "-Onone";
				SWIFT_VERSION = 5.0;
				TARGETED_DEVICE_FAMILY = "1,2";
				TEST_TARGET_NAME = "Swift-Base";
			};
			name = "Debug Staging";
		};
		CB4EB19B222ED73C00FF2232 /* Test */ = {
			isa = XCBuildConfiguration;
			baseConfigurationReference = 5680218565A77C4235FC030D /* Pods-Swift-BaseUITests.test.xcconfig */;
			buildSettings = {
				ALWAYS_SEARCH_USER_PATHS = NO;
				CLANG_ANALYZER_NONNULL = YES;
				CLANG_ANALYZER_NUMBER_OBJECT_CONVERSION = YES_AGGRESSIVE;
				CLANG_CXX_LANGUAGE_STANDARD = "gnu++14";
				CLANG_CXX_LIBRARY = "libc++";
				CLANG_ENABLE_MODULES = YES;
				CLANG_ENABLE_OBJC_ARC = YES;
				CLANG_ENABLE_OBJC_WEAK = YES;
				CLANG_WARN_BLOCK_CAPTURE_AUTORELEASING = YES;
				CLANG_WARN_BOOL_CONVERSION = YES;
				CLANG_WARN_COMMA = YES;
				CLANG_WARN_CONSTANT_CONVERSION = YES;
				CLANG_WARN_DEPRECATED_OBJC_IMPLEMENTATIONS = YES;
				CLANG_WARN_DIRECT_OBJC_ISA_USAGE = YES_ERROR;
				CLANG_WARN_DOCUMENTATION_COMMENTS = YES;
				CLANG_WARN_EMPTY_BODY = YES;
				CLANG_WARN_ENUM_CONVERSION = YES;
				CLANG_WARN_INFINITE_RECURSION = YES;
				CLANG_WARN_INT_CONVERSION = YES;
				CLANG_WARN_NON_LITERAL_NULL_CONVERSION = YES;
				CLANG_WARN_OBJC_IMPLICIT_RETAIN_SELF = YES;
				CLANG_WARN_OBJC_LITERAL_CONVERSION = YES;
				CLANG_WARN_OBJC_ROOT_CLASS = YES_ERROR;
				CLANG_WARN_RANGE_LOOP_ANALYSIS = YES;
				CLANG_WARN_STRICT_PROTOTYPES = YES;
				CLANG_WARN_SUSPICIOUS_MOVE = YES;
				CLANG_WARN_UNGUARDED_AVAILABILITY = YES_AGGRESSIVE;
				CLANG_WARN_UNREACHABLE_CODE = YES;
				CLANG_WARN__DUPLICATE_METHOD_MATCH = YES;
				CODE_SIGN_STYLE = Automatic;
				COPY_PHASE_STRIP = NO;
				DEBUG_INFORMATION_FORMAT = "dwarf-with-dsym";
				ENABLE_NS_ASSERTIONS = NO;
				ENABLE_STRICT_OBJC_MSGSEND = YES;
				GCC_C_LANGUAGE_STANDARD = gnu11;
				GCC_NO_COMMON_BLOCKS = YES;
				GCC_WARN_64_TO_32_BIT_CONVERSION = YES;
				GCC_WARN_ABOUT_RETURN_TYPE = YES_ERROR;
				GCC_WARN_UNDECLARED_SELECTOR = YES;
				GCC_WARN_UNINITIALIZED_AUTOS = YES_AGGRESSIVE;
				GCC_WARN_UNUSED_FUNCTION = YES;
				GCC_WARN_UNUSED_VARIABLE = YES;
				INFOPLIST_FILE = "Swift-BaseUITests/Info.plist";
				IPHONEOS_DEPLOYMENT_TARGET = 12.1;
				LD_RUNPATH_SEARCH_PATHS = (
					"$(inherited)",
					"@executable_path/Frameworks",
					"@loader_path/Frameworks",
				);
				MTL_ENABLE_DEBUG_INFO = NO;
				MTL_FAST_MATH = YES;
				PRODUCT_BUNDLE_IDENTIFIER = "com.flatstack.Swift-BaseUITests";
				PRODUCT_NAME = "$(TARGET_NAME)";
				PROVISIONING_PROFILE = "1a9506f9-983f-4087-a07a-26355b883ef8";
				SDKROOT = iphoneos;
				SWIFT_VERSION = 5.0;
				TARGETED_DEVICE_FAMILY = "1,2";
				TEST_TARGET_NAME = "Swift-Base";
				VALIDATE_PRODUCT = YES;
			};
			name = Test;
		};
		CB4EB19C222ED73C00FF2232 /* AppStore */ = {
			isa = XCBuildConfiguration;
			baseConfigurationReference = 62629B55F0F444A517A4C423 /* Pods-Swift-BaseUITests.appstore.xcconfig */;
			buildSettings = {
				ALWAYS_SEARCH_USER_PATHS = NO;
				CLANG_ANALYZER_NONNULL = YES;
				CLANG_ANALYZER_NUMBER_OBJECT_CONVERSION = YES_AGGRESSIVE;
				CLANG_CXX_LANGUAGE_STANDARD = "gnu++14";
				CLANG_CXX_LIBRARY = "libc++";
				CLANG_ENABLE_MODULES = YES;
				CLANG_ENABLE_OBJC_ARC = YES;
				CLANG_ENABLE_OBJC_WEAK = YES;
				CLANG_WARN_BLOCK_CAPTURE_AUTORELEASING = YES;
				CLANG_WARN_BOOL_CONVERSION = YES;
				CLANG_WARN_COMMA = YES;
				CLANG_WARN_CONSTANT_CONVERSION = YES;
				CLANG_WARN_DEPRECATED_OBJC_IMPLEMENTATIONS = YES;
				CLANG_WARN_DIRECT_OBJC_ISA_USAGE = YES_ERROR;
				CLANG_WARN_DOCUMENTATION_COMMENTS = YES;
				CLANG_WARN_EMPTY_BODY = YES;
				CLANG_WARN_ENUM_CONVERSION = YES;
				CLANG_WARN_INFINITE_RECURSION = YES;
				CLANG_WARN_INT_CONVERSION = YES;
				CLANG_WARN_NON_LITERAL_NULL_CONVERSION = YES;
				CLANG_WARN_OBJC_IMPLICIT_RETAIN_SELF = YES;
				CLANG_WARN_OBJC_LITERAL_CONVERSION = YES;
				CLANG_WARN_OBJC_ROOT_CLASS = YES_ERROR;
				CLANG_WARN_RANGE_LOOP_ANALYSIS = YES;
				CLANG_WARN_STRICT_PROTOTYPES = YES;
				CLANG_WARN_SUSPICIOUS_MOVE = YES;
				CLANG_WARN_UNGUARDED_AVAILABILITY = YES_AGGRESSIVE;
				CLANG_WARN_UNREACHABLE_CODE = YES;
				CLANG_WARN__DUPLICATE_METHOD_MATCH = YES;
				CODE_SIGN_STYLE = Automatic;
				COPY_PHASE_STRIP = NO;
				DEBUG_INFORMATION_FORMAT = "dwarf-with-dsym";
				ENABLE_NS_ASSERTIONS = NO;
				ENABLE_STRICT_OBJC_MSGSEND = YES;
				GCC_C_LANGUAGE_STANDARD = gnu11;
				GCC_NO_COMMON_BLOCKS = YES;
				GCC_WARN_64_TO_32_BIT_CONVERSION = YES;
				GCC_WARN_ABOUT_RETURN_TYPE = YES_ERROR;
				GCC_WARN_UNDECLARED_SELECTOR = YES;
				GCC_WARN_UNINITIALIZED_AUTOS = YES_AGGRESSIVE;
				GCC_WARN_UNUSED_FUNCTION = YES;
				GCC_WARN_UNUSED_VARIABLE = YES;
				INFOPLIST_FILE = "Swift-BaseUITests/Info.plist";
				IPHONEOS_DEPLOYMENT_TARGET = 12.1;
				LD_RUNPATH_SEARCH_PATHS = (
					"$(inherited)",
					"@executable_path/Frameworks",
					"@loader_path/Frameworks",
				);
				MTL_ENABLE_DEBUG_INFO = NO;
				MTL_FAST_MATH = YES;
				PRODUCT_BUNDLE_IDENTIFIER = "com.flatstack.Swift-BaseUITests";
				PRODUCT_NAME = "$(TARGET_NAME)";
				PROVISIONING_PROFILE = "1a9506f9-983f-4087-a07a-26355b883ef8";
				SDKROOT = iphoneos;
				SWIFT_VERSION = 5.0;
				TARGETED_DEVICE_FAMILY = "1,2";
				TEST_TARGET_NAME = "Swift-Base";
				VALIDATE_PRODUCT = YES;
			};
			name = AppStore;
		};
		CB4EB19D222ED73C00FF2232 /* Release */ = {
			isa = XCBuildConfiguration;
			baseConfigurationReference = D674784D249FB8DC5340E4D9 /* Pods-Swift-BaseUITests.release.xcconfig */;
			buildSettings = {
				ALWAYS_SEARCH_USER_PATHS = NO;
				CLANG_ANALYZER_NONNULL = YES;
				CLANG_ANALYZER_NUMBER_OBJECT_CONVERSION = YES_AGGRESSIVE;
				CLANG_CXX_LANGUAGE_STANDARD = "gnu++14";
				CLANG_CXX_LIBRARY = "libc++";
				CLANG_ENABLE_MODULES = YES;
				CLANG_ENABLE_OBJC_ARC = YES;
				CLANG_ENABLE_OBJC_WEAK = YES;
				CLANG_WARN_BLOCK_CAPTURE_AUTORELEASING = YES;
				CLANG_WARN_BOOL_CONVERSION = YES;
				CLANG_WARN_COMMA = YES;
				CLANG_WARN_CONSTANT_CONVERSION = YES;
				CLANG_WARN_DEPRECATED_OBJC_IMPLEMENTATIONS = YES;
				CLANG_WARN_DIRECT_OBJC_ISA_USAGE = YES_ERROR;
				CLANG_WARN_DOCUMENTATION_COMMENTS = YES;
				CLANG_WARN_EMPTY_BODY = YES;
				CLANG_WARN_ENUM_CONVERSION = YES;
				CLANG_WARN_INFINITE_RECURSION = YES;
				CLANG_WARN_INT_CONVERSION = YES;
				CLANG_WARN_NON_LITERAL_NULL_CONVERSION = YES;
				CLANG_WARN_OBJC_IMPLICIT_RETAIN_SELF = YES;
				CLANG_WARN_OBJC_LITERAL_CONVERSION = YES;
				CLANG_WARN_OBJC_ROOT_CLASS = YES_ERROR;
				CLANG_WARN_RANGE_LOOP_ANALYSIS = YES;
				CLANG_WARN_STRICT_PROTOTYPES = YES;
				CLANG_WARN_SUSPICIOUS_MOVE = YES;
				CLANG_WARN_UNGUARDED_AVAILABILITY = YES_AGGRESSIVE;
				CLANG_WARN_UNREACHABLE_CODE = YES;
				CLANG_WARN__DUPLICATE_METHOD_MATCH = YES;
				CODE_SIGN_STYLE = Automatic;
				COPY_PHASE_STRIP = NO;
				DEBUG_INFORMATION_FORMAT = "dwarf-with-dsym";
				ENABLE_NS_ASSERTIONS = NO;
				ENABLE_STRICT_OBJC_MSGSEND = YES;
				GCC_C_LANGUAGE_STANDARD = gnu11;
				GCC_NO_COMMON_BLOCKS = YES;
				GCC_WARN_64_TO_32_BIT_CONVERSION = YES;
				GCC_WARN_ABOUT_RETURN_TYPE = YES_ERROR;
				GCC_WARN_UNDECLARED_SELECTOR = YES;
				GCC_WARN_UNINITIALIZED_AUTOS = YES_AGGRESSIVE;
				GCC_WARN_UNUSED_FUNCTION = YES;
				GCC_WARN_UNUSED_VARIABLE = YES;
				INFOPLIST_FILE = "Swift-BaseUITests/Info.plist";
				IPHONEOS_DEPLOYMENT_TARGET = 12.1;
				LD_RUNPATH_SEARCH_PATHS = (
					"$(inherited)",
					"@executable_path/Frameworks",
					"@loader_path/Frameworks",
				);
				MTL_ENABLE_DEBUG_INFO = NO;
				MTL_FAST_MATH = YES;
				PRODUCT_BUNDLE_IDENTIFIER = "com.flatstack.Swift-BaseUITests";
				PRODUCT_NAME = "$(TARGET_NAME)";
				PROVISIONING_PROFILE = "1a9506f9-983f-4087-a07a-26355b883ef8";
				SDKROOT = iphoneos;
				SWIFT_VERSION = 5.0;
				TARGETED_DEVICE_FAMILY = "1,2";
				TEST_TARGET_NAME = "Swift-Base";
				VALIDATE_PRODUCT = YES;
			};
			name = Release;
		};
		CB4EB19E222ED73C00FF2232 /* AppStore Staging */ = {
			isa = XCBuildConfiguration;
			baseConfigurationReference = 15235CC3B840AD1FB8DE3152 /* Pods-Swift-BaseUITests.appstore staging.xcconfig */;
			buildSettings = {
				ALWAYS_SEARCH_USER_PATHS = NO;
				CLANG_ANALYZER_NONNULL = YES;
				CLANG_ANALYZER_NUMBER_OBJECT_CONVERSION = YES_AGGRESSIVE;
				CLANG_CXX_LANGUAGE_STANDARD = "gnu++14";
				CLANG_CXX_LIBRARY = "libc++";
				CLANG_ENABLE_MODULES = YES;
				CLANG_ENABLE_OBJC_ARC = YES;
				CLANG_ENABLE_OBJC_WEAK = YES;
				CLANG_WARN_BLOCK_CAPTURE_AUTORELEASING = YES;
				CLANG_WARN_BOOL_CONVERSION = YES;
				CLANG_WARN_COMMA = YES;
				CLANG_WARN_CONSTANT_CONVERSION = YES;
				CLANG_WARN_DEPRECATED_OBJC_IMPLEMENTATIONS = YES;
				CLANG_WARN_DIRECT_OBJC_ISA_USAGE = YES_ERROR;
				CLANG_WARN_DOCUMENTATION_COMMENTS = YES;
				CLANG_WARN_EMPTY_BODY = YES;
				CLANG_WARN_ENUM_CONVERSION = YES;
				CLANG_WARN_INFINITE_RECURSION = YES;
				CLANG_WARN_INT_CONVERSION = YES;
				CLANG_WARN_NON_LITERAL_NULL_CONVERSION = YES;
				CLANG_WARN_OBJC_IMPLICIT_RETAIN_SELF = YES;
				CLANG_WARN_OBJC_LITERAL_CONVERSION = YES;
				CLANG_WARN_OBJC_ROOT_CLASS = YES_ERROR;
				CLANG_WARN_RANGE_LOOP_ANALYSIS = YES;
				CLANG_WARN_STRICT_PROTOTYPES = YES;
				CLANG_WARN_SUSPICIOUS_MOVE = YES;
				CLANG_WARN_UNGUARDED_AVAILABILITY = YES_AGGRESSIVE;
				CLANG_WARN_UNREACHABLE_CODE = YES;
				CLANG_WARN__DUPLICATE_METHOD_MATCH = YES;
				CODE_SIGN_STYLE = Automatic;
				COPY_PHASE_STRIP = NO;
				DEBUG_INFORMATION_FORMAT = "dwarf-with-dsym";
				ENABLE_NS_ASSERTIONS = NO;
				ENABLE_STRICT_OBJC_MSGSEND = YES;
				GCC_C_LANGUAGE_STANDARD = gnu11;
				GCC_NO_COMMON_BLOCKS = YES;
				GCC_WARN_64_TO_32_BIT_CONVERSION = YES;
				GCC_WARN_ABOUT_RETURN_TYPE = YES_ERROR;
				GCC_WARN_UNDECLARED_SELECTOR = YES;
				GCC_WARN_UNINITIALIZED_AUTOS = YES_AGGRESSIVE;
				GCC_WARN_UNUSED_FUNCTION = YES;
				GCC_WARN_UNUSED_VARIABLE = YES;
				INFOPLIST_FILE = "Swift-BaseUITests/Info.plist";
				IPHONEOS_DEPLOYMENT_TARGET = 12.1;
				LD_RUNPATH_SEARCH_PATHS = (
					"$(inherited)",
					"@executable_path/Frameworks",
					"@loader_path/Frameworks",
				);
				MTL_ENABLE_DEBUG_INFO = NO;
				MTL_FAST_MATH = YES;
				PRODUCT_BUNDLE_IDENTIFIER = "com.flatstack.Swift-BaseUITests";
				PRODUCT_NAME = "$(TARGET_NAME)";
				PROVISIONING_PROFILE = "1a9506f9-983f-4087-a07a-26355b883ef8";
				SDKROOT = iphoneos;
				SWIFT_VERSION = 5.0;
				TARGETED_DEVICE_FAMILY = "1,2";
				TEST_TARGET_NAME = "Swift-Base";
				VALIDATE_PRODUCT = YES;
			};
			name = "AppStore Staging";
		};
		E7294D9A1E85529D0011DA63 /* AppStore Staging */ = {
			isa = XCBuildConfiguration;
			buildSettings = {
				ALWAYS_SEARCH_USER_PATHS = NO;
				API_VERSION = v1;
				CLANG_ANALYZER_LOCALIZABILITY_NONLOCALIZED = YES;
				CLANG_CXX_LANGUAGE_STANDARD = "gnu++0x";
				CLANG_CXX_LIBRARY = "libc++";
				CLANG_ENABLE_MODULES = YES;
				CLANG_ENABLE_OBJC_ARC = YES;
				CLANG_WARN_BLOCK_CAPTURE_AUTORELEASING = YES;
				CLANG_WARN_BOOL_CONVERSION = YES;
				CLANG_WARN_COMMA = YES;
				CLANG_WARN_CONSTANT_CONVERSION = YES;
				CLANG_WARN_DEPRECATED_OBJC_IMPLEMENTATIONS = YES;
				CLANG_WARN_DIRECT_OBJC_ISA_USAGE = YES_ERROR;
				CLANG_WARN_EMPTY_BODY = YES;
				CLANG_WARN_ENUM_CONVERSION = YES;
				CLANG_WARN_INFINITE_RECURSION = YES;
				CLANG_WARN_INT_CONVERSION = YES;
				CLANG_WARN_NON_LITERAL_NULL_CONVERSION = YES;
				CLANG_WARN_OBJC_IMPLICIT_RETAIN_SELF = YES;
				CLANG_WARN_OBJC_LITERAL_CONVERSION = YES;
				CLANG_WARN_OBJC_ROOT_CLASS = YES_ERROR;
				CLANG_WARN_RANGE_LOOP_ANALYSIS = YES;
				CLANG_WARN_STRICT_PROTOTYPES = YES;
				CLANG_WARN_SUSPICIOUS_MOVE = YES;
				CLANG_WARN_UNREACHABLE_CODE = YES;
				CLANG_WARN__DUPLICATE_METHOD_MATCH = YES;
				COPY_PHASE_STRIP = YES;
				ENABLE_NS_ASSERTIONS = NO;
				ENABLE_STRICT_OBJC_MSGSEND = YES;
				GCC_C_LANGUAGE_STANDARD = gnu99;
				GCC_NO_COMMON_BLOCKS = YES;
				GCC_PREPROCESSOR_DEFINITIONS = "";
				GCC_WARN_64_TO_32_BIT_CONVERSION = YES;
				GCC_WARN_ABOUT_RETURN_TYPE = YES_ERROR;
				GCC_WARN_UNDECLARED_SELECTOR = YES;
				GCC_WARN_UNINITIALIZED_AUTOS = YES_AGGRESSIVE;
				GCC_WARN_UNUSED_FUNCTION = YES;
				GCC_WARN_UNUSED_VARIABLE = YES;
				IPHONEOS_DEPLOYMENT_TARGET = 11.0;
				MTL_ENABLE_DEBUG_INFO = NO;
				OTHER_SWIFT_FLAGS = "";
				SDKROOT = iphoneos;
				SWIFT_COMPILATION_MODE = wholemodule;
				SWIFT_OPTIMIZATION_LEVEL = "-O";
				SWIFT_VERSION = 5.0;
				TARGETED_DEVICE_FAMILY = "1,2";
				URL_HOST = "https://apple.com";
				VALIDATE_PRODUCT = YES;
			};
			name = "AppStore Staging";
		};
		E7294D9B1E85529D0011DA63 /* AppStore Staging */ = {
			isa = XCBuildConfiguration;
			baseConfigurationReference = 1A693C2D567FE7B2C21ED2B2 /* Pods-Swift-Base.appstore staging.xcconfig */;
			buildSettings = {
				ASSETCATALOG_COMPILER_APPICON_NAME = "AppIcon-Staging";
				BUNDLE_DISPLAY_NAME = "Swift-Base Staging";
				BUNDLE_ID = "com.flatstack.ios.Swift-Base.staging";
				CODE_SIGN_IDENTITY = "iPhone Distribution: FLATSTACK, LLC (Y49MTY8CU2)";
				"CODE_SIGN_IDENTITY[sdk=iphoneos*]" = "iPhone Distribution: FLATSTACK, LLC (Y49MTY8CU2)";
				DEVELOPMENT_TEAM = "";
				FRAMEWORK_SEARCH_PATHS = "$(inherited)";
				GCC_PREPROCESSOR_DEFINITIONS = "$(inherited)";
				INFOPLIST_FILE = "$(SRCROOT)/Swift-Base/Supporting Files/Info.plist";
				IPHONEOS_DEPLOYMENT_TARGET = 11.0;
				LD_RUNPATH_SEARCH_PATHS = (
					"$(inherited)",
					"@executable_path/Frameworks",
				);
				OTHER_LDFLAGS = "$(inherited)";
				OTHER_SWIFT_FLAGS = "$(inherited)";
				PRODUCT_BUNDLE_IDENTIFIER = "$(BUNDLE_ID)";
				PRODUCT_NAME = "Swift-Base";
				PROVISIONING_PROFILE = "1f21326e-340a-428d-a6c3-4eb9873475fc";
				SWIFT_INSTALL_OBJC_HEADER = YES;
				SWIFT_OBJC_BRIDGING_HEADER = "";
				SWIFT_SWIFT3_OBJC_INFERENCE = Default;
				SWIFT_VERSION = 5.0;
				TARGETED_DEVICE_FAMILY = 1;
			};
			name = "AppStore Staging";
		};
		E736C5DE1A25320400B8986E /* AppStore */ = {
			isa = XCBuildConfiguration;
			buildSettings = {
				ALWAYS_SEARCH_USER_PATHS = NO;
				API_VERSION = v1;
				CLANG_ANALYZER_LOCALIZABILITY_NONLOCALIZED = YES;
				CLANG_CXX_LANGUAGE_STANDARD = "gnu++0x";
				CLANG_CXX_LIBRARY = "libc++";
				CLANG_ENABLE_MODULES = YES;
				CLANG_ENABLE_OBJC_ARC = YES;
				CLANG_WARN_BLOCK_CAPTURE_AUTORELEASING = YES;
				CLANG_WARN_BOOL_CONVERSION = YES;
				CLANG_WARN_COMMA = YES;
				CLANG_WARN_CONSTANT_CONVERSION = YES;
				CLANG_WARN_DEPRECATED_OBJC_IMPLEMENTATIONS = YES;
				CLANG_WARN_DIRECT_OBJC_ISA_USAGE = YES_ERROR;
				CLANG_WARN_EMPTY_BODY = YES;
				CLANG_WARN_ENUM_CONVERSION = YES;
				CLANG_WARN_INFINITE_RECURSION = YES;
				CLANG_WARN_INT_CONVERSION = YES;
				CLANG_WARN_NON_LITERAL_NULL_CONVERSION = YES;
				CLANG_WARN_OBJC_IMPLICIT_RETAIN_SELF = YES;
				CLANG_WARN_OBJC_LITERAL_CONVERSION = YES;
				CLANG_WARN_OBJC_ROOT_CLASS = YES_ERROR;
				CLANG_WARN_RANGE_LOOP_ANALYSIS = YES;
				CLANG_WARN_STRICT_PROTOTYPES = YES;
				CLANG_WARN_SUSPICIOUS_MOVE = YES;
				CLANG_WARN_UNREACHABLE_CODE = YES;
				CLANG_WARN__DUPLICATE_METHOD_MATCH = YES;
				COPY_PHASE_STRIP = YES;
				ENABLE_NS_ASSERTIONS = NO;
				ENABLE_STRICT_OBJC_MSGSEND = YES;
				GCC_C_LANGUAGE_STANDARD = gnu99;
				GCC_NO_COMMON_BLOCKS = YES;
				GCC_WARN_64_TO_32_BIT_CONVERSION = YES;
				GCC_WARN_ABOUT_RETURN_TYPE = YES_ERROR;
				GCC_WARN_UNDECLARED_SELECTOR = YES;
				GCC_WARN_UNINITIALIZED_AUTOS = YES_AGGRESSIVE;
				GCC_WARN_UNUSED_FUNCTION = YES;
				GCC_WARN_UNUSED_VARIABLE = YES;
				IPHONEOS_DEPLOYMENT_TARGET = 11.0;
				MTL_ENABLE_DEBUG_INFO = NO;
				OTHER_SWIFT_FLAGS = "";
				SDKROOT = iphoneos;
				SWIFT_VERSION = 5.0;
				TARGETED_DEVICE_FAMILY = "1,2";
				URL_HOST = "https://apple.com";
				VALIDATE_PRODUCT = YES;
			};
			name = AppStore;
		};
		E736C5DF1A25320400B8986E /* AppStore */ = {
			isa = XCBuildConfiguration;
			baseConfigurationReference = 5FFECDAB821757A8696965B1 /* Pods-Swift-Base.appstore.xcconfig */;
			buildSettings = {
				ASSETCATALOG_COMPILER_APPICON_NAME = AppIcon;
				BUNDLE_DISPLAY_NAME = "Swift-Base";
				BUNDLE_ID = "com.flatstack.ios.Swift-Base";
				CODE_SIGN_IDENTITY = "iPhone Distribution: FLATSTACK, LLC (Y49MTY8CU2)";
				"CODE_SIGN_IDENTITY[sdk=iphoneos*]" = "iPhone Distribution: FLATSTACK, LLC (Y49MTY8CU2)";
				DEVELOPMENT_TEAM = "";
				FRAMEWORK_SEARCH_PATHS = "$(inherited)";
				GCC_PREPROCESSOR_DEFINITIONS = "$(inherited)";
				INFOPLIST_FILE = "$(SRCROOT)/Swift-Base/Supporting Files/Info.plist";
				IPHONEOS_DEPLOYMENT_TARGET = 11.0;
				LD_RUNPATH_SEARCH_PATHS = (
					"$(inherited)",
					"@executable_path/Frameworks",
				);
				OTHER_LDFLAGS = "$(inherited)";
				OTHER_SWIFT_FLAGS = "$(inherited)";
				PRODUCT_BUNDLE_IDENTIFIER = "$(BUNDLE_ID)";
				PRODUCT_NAME = "Swift-Base";
				PROVISIONING_PROFILE = "4bedd41f-7037-4a27-a19b-53e7697ca528";
				SWIFT_INSTALL_OBJC_HEADER = YES;
				SWIFT_OBJC_BRIDGING_HEADER = "";
				SWIFT_SWIFT3_OBJC_INFERENCE = Default;
				SWIFT_VERSION = 5.0;
				TARGETED_DEVICE_FAMILY = 1;
			};
			name = AppStore;
		};
/* End XCBuildConfiguration section */

/* Begin XCConfigurationList section */
		21DB300A19DD2289003A418D /* Build configuration list for PBXProject "Swift-Base" */ = {
			isa = XCConfigurationList;
			buildConfigurations = (
				21DB304C19DD3B30003A418D /* Release Staging */,
				CB4EB177222ED12200FF2232 /* Debug Staging */,
				212D01811BB1978500B34340 /* Test */,
				E736C5DE1A25320400B8986E /* AppStore */,
				21DB304F19DD3B48003A418D /* Release */,
				E7294D9A1E85529D0011DA63 /* AppStore Staging */,
			);
			defaultConfigurationIsVisible = 0;
			defaultConfigurationName = Release;
		};
		21DB303119DD2289003A418D /* Build configuration list for PBXNativeTarget "Swift-Base" */ = {
			isa = XCConfigurationList;
			buildConfigurations = (
				21DB304D19DD3B30003A418D /* Release */,
				212D01821BB1978500B34340 /* Test */,
				E736C5DF1A25320400B8986E /* AppStore */,
				21DB305019DD3B48003A418D /* Release Staging */,
				CB4EB178222ED12200FF2232 /* Debug Staging */,
				E7294D9B1E85529D0011DA63 /* AppStore Staging */,
			);
			defaultConfigurationIsVisible = 0;
			defaultConfigurationName = "Debug Staging";
		};
		CB4EB186222ED72B00FF2232 /* Build configuration list for PBXNativeTarget "Swift-BaseTests" */ = {
			isa = XCConfigurationList;
			buildConfigurations = (
				CB4EB187222ED72B00FF2232 /* Release Staging */,
				CB4EB188222ED72B00FF2232 /* Debug Staging */,
				CB4EB189222ED72B00FF2232 /* Test */,
				CB4EB18A222ED72B00FF2232 /* AppStore */,
				CB4EB18B222ED72B00FF2232 /* Release */,
				CB4EB18C222ED72B00FF2232 /* AppStore Staging */,
			);
			defaultConfigurationIsVisible = 0;
			defaultConfigurationName = Release;
		};
		CB4EB198222ED73C00FF2232 /* Build configuration list for PBXNativeTarget "Swift-BaseUITests" */ = {
			isa = XCConfigurationList;
			buildConfigurations = (
				CB4EB199222ED73C00FF2232 /* Release Staging */,
				CB4EB19A222ED73C00FF2232 /* Debug Staging */,
				CB4EB19B222ED73C00FF2232 /* Test */,
				CB4EB19C222ED73C00FF2232 /* AppStore */,
				CB4EB19D222ED73C00FF2232 /* Release */,
				CB4EB19E222ED73C00FF2232 /* AppStore Staging */,
			);
			defaultConfigurationIsVisible = 0;
			defaultConfigurationName = Release;
		};
/* End XCConfigurationList section */

/* Begin XCVersionGroup section */
		218C64B61BA078BA00EEEDF1 /* Swift-Base.xcdatamodeld */ = {
			isa = XCVersionGroup;
			children = (
				218C64B71BA078BA00EEEDF1 /* Swift-Base.xcdatamodel */,
			);
			currentVersion = 218C64B71BA078BA00EEEDF1 /* Swift-Base.xcdatamodel */;
			path = "Swift-Base.xcdatamodeld";
			sourceTree = "<group>";
			versionGroupType = wrapper.xcdatamodel;
		};
/* End XCVersionGroup section */
	};
	rootObject = 21DB300719DD2289003A418D /* Project object */;
}
